// !$*UTF8*$!
{
	archiveVersion = 1;
	classes = {
	};
	objectVersion = 46;
	objects = {

/* Begin PBXBuildFile section */
		00E356F31AD99517003FC87E /* OnlinePhotosTests.m in Sources */ = {isa = PBXBuildFile; fileRef = 00E356F21AD99517003FC87E /* OnlinePhotosTests.m */; };
		046C1561E7594E1995811AF6 /* MuseoSlab-300.ttf in Resources */ = {isa = PBXBuildFile; fileRef = 28644A0B4E65435CB5D1A7AC /* MuseoSlab-300.ttf */; };
		07EF7F3C77404FF3AA6827BA /* Storage.png in Resources */ = {isa = PBXBuildFile; fileRef = 42FF43996D57428191AEB7F7 /* Storage.png */; };
		0E4E1F2F127A4428BA03738C /* Invite_Red.png in Resources */ = {isa = PBXBuildFile; fileRef = 2D9F4F1BAF3A47728C6345BD /* Invite_Red.png */; };
		13B07FBC1A68108700A75B9A /* AppDelegate.m in Sources */ = {isa = PBXBuildFile; fileRef = 13B07FB01A68108700A75B9A /* AppDelegate.m */; };
		13B07FBF1A68108700A75B9A /* Images.xcassets in Resources */ = {isa = PBXBuildFile; fileRef = 13B07FB51A68108700A75B9A /* Images.xcassets */; };
		13B07FC11A68108700A75B9A /* main.m in Sources */ = {isa = PBXBuildFile; fileRef = 13B07FB71A68108700A75B9A /* main.m */; };
		175A5DA23A8C4847AA0EA587 /* Share.png in Resources */ = {isa = PBXBuildFile; fileRef = 7A8CCD146E514A3F8A4BFC3F /* Share.png */; };
		1946B8D39728420E9634EB9A /* Full_Name.png in Resources */ = {isa = PBXBuildFile; fileRef = 0429A170A7814694A4156138 /* Full_Name.png */; };
		1ACBD1E7C8B247619442091B /* Background Light__High Res.png in Resources */ = {isa = PBXBuildFile; fileRef = D98964BDAAEF4A888DAB1173 /* Background Light__High Res.png */; };
		25BD2FF705724A279B3BE372 /* Search.png in Resources */ = {isa = PBXBuildFile; fileRef = 91FEF679075947FF9B1EA48B /* Search.png */; };
		273EA4BBC41644EABB66873E /* Background Light.png in Resources */ = {isa = PBXBuildFile; fileRef = 7F65419E37D64A1DBD987A8C /* Background Light.png */; };
		2A0D9EFE1E86496CB309079D /* Camera_Blue.png in Resources */ = {isa = PBXBuildFile; fileRef = B1FF349B434C440CA9F89025 /* Camera_Blue.png */; };
		2AF4C6EF8FEF4ADFA3B19C89 /* BackgroundDark.png in Resources */ = {isa = PBXBuildFile; fileRef = 692A5358F160448DA752F7AA /* BackgroundDark.png */; };
		2B8F9A88237E44E8B62320E2 /* pic2.png in Resources */ = {isa = PBXBuildFile; fileRef = D2F7BAACBB06474AA69443B9 /* pic2.png */; };
		2D02E4BC1E0B4A80006451C7 /* AppDelegate.m in Sources */ = {isa = PBXBuildFile; fileRef = 13B07FB01A68108700A75B9A /* AppDelegate.m */; };
		2D02E4BD1E0B4A84006451C7 /* Images.xcassets in Resources */ = {isa = PBXBuildFile; fileRef = 13B07FB51A68108700A75B9A /* Images.xcassets */; };
		2D02E4BF1E0B4AB3006451C7 /* main.m in Sources */ = {isa = PBXBuildFile; fileRef = 13B07FB71A68108700A75B9A /* main.m */; };
		2DCD954D1E0B4F2C00145EB5 /* OnlinePhotosTests.m in Sources */ = {isa = PBXBuildFile; fileRef = 00E356F21AD99517003FC87E /* OnlinePhotosTests.m */; };
		30D561FE96824F31AE66D55A /* Phone.png in Resources */ = {isa = PBXBuildFile; fileRef = 46477EFD13544C2993EB4455 /* Phone.png */; };
		32705CE4C67648D19950C8B8 /* Icon.png in Resources */ = {isa = PBXBuildFile; fileRef = 5DB6445907D841EC9CA8879C /* Icon.png */; };
		350A559C93174EE7A2CC227A /* Logo.png in Resources */ = {isa = PBXBuildFile; fileRef = 03712CE97C64425481E7221A /* Logo.png */; };
		3EE1BC1F348B473F934BC4AD /* Swipe.png in Resources */ = {isa = PBXBuildFile; fileRef = A6A0F25E087F4C6BBB8E36E5 /* Swipe.png */; };
		4DA261B8D2CE48889C1CC76A /* Camera_Red.png in Resources */ = {isa = PBXBuildFile; fileRef = 2EADAA88F58748D2BD8B7F70 /* Camera_Red.png */; };
		5D236C02615C4CF0AC986D97 /* BackgroundDark_HighRes.png in Resources */ = {isa = PBXBuildFile; fileRef = 6DD5F6AB1FB4442A88B3161A /* BackgroundDark_HighRes.png */; };
		66BC8FD23329463EAB140671 /* pic6.png in Resources */ = {isa = PBXBuildFile; fileRef = 933FA1AA82AB47F9B23C817C /* pic6.png */; };
		7A57E1652AE74FC1BC86E237 /* Invite_Blue.png in Resources */ = {isa = PBXBuildFile; fileRef = F38DA36BE3424924833C2725 /* Invite_Blue.png */; };
		7D5F93739BA54DE9A8FCAA03 /* user.jpg in Resources */ = {isa = PBXBuildFile; fileRef = BD34E6DDDBBA4D659F9B4FCD /* user.jpg */; };
		81AB9BB82411601600AC10FF /* LaunchScreen.storyboard in Resources */ = {isa = PBXBuildFile; fileRef = 81AB9BB72411601600AC10FF /* LaunchScreen.storyboard */; };
		85F06D88850C42D79CD3B4C0 /* Folder_Blue.png in Resources */ = {isa = PBXBuildFile; fileRef = 392AB36CD3024F9E84C2D4F0 /* Folder_Blue.png */; };
		8C8C51ABB52844C090C9041C /* Back.png in Resources */ = {isa = PBXBuildFile; fileRef = 85F6DBAFA7744982A7BFD23D /* Back.png */; };
		925DAA2991F845BB80A14DE2 /* Remember-Me_UnChecked.png in Resources */ = {isa = PBXBuildFile; fileRef = 3FEF3E1585B3444693768661 /* Remember-Me_UnChecked.png */; };
		94233BCD4A9946F4B75077E7 /* Plus.png in Resources */ = {isa = PBXBuildFile; fileRef = FC63DDAE7AAC4539B160DEB1 /* Plus.png */; };
		98D10F8585AC4CD5918F1DAD /* Password.png in Resources */ = {isa = PBXBuildFile; fileRef = A0989698B6E1446BBA8A4BDD /* Password.png */; };
		A2E0F43CAEBC8F0D402EC83A /* libPods-OnlinePhotos-tvOSTests.a in Frameworks */ = {isa = PBXBuildFile; fileRef = ED857B074F9686BAC6C131AF /* libPods-OnlinePhotos-tvOSTests.a */; };
		A84A7659B45B418396747991 /* MuseoSlab-100.ttf in Resources */ = {isa = PBXBuildFile; fileRef = 14EBA72CB3844FC3A712990C /* MuseoSlab-100.ttf */; };
		A9E0260026F9D127005F7126 /* MuseoSlab-500.ttf in Resources */ = {isa = PBXBuildFile; fileRef = A9E025FF26F9D127005F7126 /* MuseoSlab-500.ttf */; };
		A9E0260626F9D13C005F7126 /* MuseoSlab-900.ttf in Resources */ = {isa = PBXBuildFile; fileRef = A9E0260526F9D13C005F7126 /* MuseoSlab-900.ttf */; };
		A9EA0E082747DEA700255039 /* GoogleService-Info.plist in Resources */ = {isa = PBXBuildFile; fileRef = A9EA0E072747DEA700255039 /* GoogleService-Info.plist */; };
		A9FF4AEF274FAE96005C2CA2 /* StoreKit.framework in Frameworks */ = {isa = PBXBuildFile; fileRef = A9FF4AEE274FAE96005C2CA2 /* StoreKit.framework */; };
		AFD7BA5B9179DE53CC7099F1 /* libPods-OnlinePhotos-tvOS.a in Frameworks */ = {isa = PBXBuildFile; fileRef = F009DB1BAD3181E9A44EB2F9 /* libPods-OnlinePhotos-tvOS.a */; };
		B181145F2D1175C4387DF012 /* libPods-OnlinePhotos.a in Frameworks */ = {isa = PBXBuildFile; fileRef = A1011C8E45D13853A710F422 /* libPods-OnlinePhotos.a */; };
		BCAE0BB8D8864D6BB684D2F8 /* pic7.png in Resources */ = {isa = PBXBuildFile; fileRef = B1A8C602972540D296FD8668 /* pic7.png */; };
		C3E9B236FAAC37DFAAF90D3F /* libPods-OnlinePhotos-OnlinePhotosTests.a in Frameworks */ = {isa = PBXBuildFile; fileRef = EABACA3FF87FF4AFD05955A3 /* libPods-OnlinePhotos-OnlinePhotosTests.a */; };
		C71CCD767F9A449C996FFBE3 /* Background Dark_High Res.png in Resources */ = {isa = PBXBuildFile; fileRef = 81839A88764C4FFF91278C97 /* Background Dark_High Res.png */; };
		D1DCBD4611954B84A0A41358 /* Calendar.png in Resources */ = {isa = PBXBuildFile; fileRef = 3365F1AF566049DB94ABC370 /* Calendar.png */; };
		D93DC7E645B84DD4A991AB3B /* Email.png in Resources */ = {isa = PBXBuildFile; fileRef = E7BE0735B9E34A328AEA3532 /* Email.png */; };
		E14B55B82C1247DAA52FA28F /* MuseoSlab-700.ttf in Resources */ = {isa = PBXBuildFile; fileRef = B99D99E6199C40819866D94F /* MuseoSlab-700.ttf */; };
		E250512418154815B5B91ED9 /* Folder_Red.png in Resources */ = {isa = PBXBuildFile; fileRef = 46D229659313402886932E3C /* Folder_Red.png */; };
		E2D6AC96C0624DF890CC46F8 /* MuseoSlab-500Italic.ttf in Resources */ = {isa = PBXBuildFile; fileRef = BC7A0D371E444FA0AD7E320E /* MuseoSlab-500Italic.ttf */; };
		E741BCFFDF6345828C755879 /* Menu.png in Resources */ = {isa = PBXBuildFile; fileRef = 1BEBEB7872134063BF6D575E /* Menu.png */; };
		F0EAAD5DF2AA4228958857D0 /* Email2.png in Resources */ = {isa = PBXBuildFile; fileRef = D479C537425246F98E8DCA0B /* Email2.png */; };
		F6CD78BB8CF64E3C952E5CD1 /* pic3.png in Resources */ = {isa = PBXBuildFile; fileRef = 8C30557060D040D48C35F23E /* pic3.png */; };
		F8520B9AF22B433B94D2A58C /* Logo_Icon.png in Resources */ = {isa = PBXBuildFile; fileRef = B3BB2C00A539418F9BD1FC0C /* Logo_Icon.png */; };
		F9225DCBCAC64CBD8685451A /* Notification.png in Resources */ = {isa = PBXBuildFile; fileRef = 8AE2D4A9331D45D1B58FBA55 /* Notification.png */; };
		F92B5D568DCF4F8993C5D244 /* Remember Me_Checked.png in Resources */ = {isa = PBXBuildFile; fileRef = D70FD572CEDA48F09FE73B24 /* Remember Me_Checked.png */; };
/* End PBXBuildFile section */

/* Begin PBXContainerItemProxy section */
		00E356F41AD99517003FC87E /* PBXContainerItemProxy */ = {
			isa = PBXContainerItemProxy;
			containerPortal = 83CBB9F71A601CBA00E9B192 /* Project object */;
			proxyType = 1;
			remoteGlobalIDString = 13B07F861A680F5B00A75B9A;
			remoteInfo = OnlinePhotos;
		};
		2D02E4911E0B4A5D006451C7 /* PBXContainerItemProxy */ = {
			isa = PBXContainerItemProxy;
			containerPortal = 83CBB9F71A601CBA00E9B192 /* Project object */;
			proxyType = 1;
			remoteGlobalIDString = 2D02E47A1E0B4A5D006451C7;
			remoteInfo = "OnlinePhotos-tvOS";
		};
		9969AF9C25E4D17E00E9F074 /* PBXContainerItemProxy */ = {
			isa = PBXContainerItemProxy;
			containerPortal = 041762F4E1B04E2D8D42A75A /* RNRncryptor.xcodeproj */;
			proxyType = 2;
			remoteGlobalIDString = 134814201AA4EA6300B7C361;
			remoteInfo = RNRncryptor;
		};
/* End PBXContainerItemProxy section */

/* Begin PBXFileReference section */
		00E356EE1AD99517003FC87E /* OnlinePhotosTests.xctest */ = {isa = PBXFileReference; explicitFileType = wrapper.cfbundle; includeInIndex = 0; path = OnlinePhotosTests.xctest; sourceTree = BUILT_PRODUCTS_DIR; };
		00E356F11AD99517003FC87E /* Info.plist */ = {isa = PBXFileReference; lastKnownFileType = text.plist.xml; path = Info.plist; sourceTree = "<group>"; };
		00E356F21AD99517003FC87E /* OnlinePhotosTests.m */ = {isa = PBXFileReference; lastKnownFileType = sourcecode.c.objc; path = OnlinePhotosTests.m; sourceTree = "<group>"; };
		03712CE97C64425481E7221A /* Logo.png */ = {isa = PBXFileReference; explicitFileType = undefined; fileEncoding = 9; includeInIndex = 0; lastKnownFileType = unknown; name = Logo.png; path = ../src/assets/images/Logo.png; sourceTree = "<group>"; };
		041762F4E1B04E2D8D42A75A /* RNRncryptor.xcodeproj */ = {isa = PBXFileReference; explicitFileType = undefined; fileEncoding = 9; includeInIndex = 0; lastKnownFileType = "wrapper.pb-project"; name = RNRncryptor.xcodeproj; path = "../node_modules/react-native-rnaescryptor/ios/RNRncryptor.xcodeproj"; sourceTree = "<group>"; };
		0429A170A7814694A4156138 /* Full_Name.png */ = {isa = PBXFileReference; explicitFileType = undefined; fileEncoding = 9; includeInIndex = 0; lastKnownFileType = unknown; name = Full_Name.png; path = ../src/assets/images/Full_Name.png; sourceTree = "<group>"; };
		13B07F961A680F5B00A75B9A /* OnlinePhotos.app */ = {isa = PBXFileReference; explicitFileType = wrapper.application; includeInIndex = 0; path = OnlinePhotos.app; sourceTree = BUILT_PRODUCTS_DIR; };
		13B07FAF1A68108700A75B9A /* AppDelegate.h */ = {isa = PBXFileReference; fileEncoding = 4; lastKnownFileType = sourcecode.c.h; name = AppDelegate.h; path = OnlinePhotos/AppDelegate.h; sourceTree = "<group>"; };
		13B07FB01A68108700A75B9A /* AppDelegate.m */ = {isa = PBXFileReference; fileEncoding = 4; lastKnownFileType = sourcecode.c.objc; name = AppDelegate.m; path = OnlinePhotos/AppDelegate.m; sourceTree = "<group>"; };
		13B07FB51A68108700A75B9A /* Images.xcassets */ = {isa = PBXFileReference; lastKnownFileType = folder.assetcatalog; name = Images.xcassets; path = OnlinePhotos/Images.xcassets; sourceTree = "<group>"; };
		13B07FB61A68108700A75B9A /* Info.plist */ = {isa = PBXFileReference; fileEncoding = 4; lastKnownFileType = text.plist.xml; name = Info.plist; path = OnlinePhotos/Info.plist; sourceTree = "<group>"; };
		13B07FB71A68108700A75B9A /* main.m */ = {isa = PBXFileReference; fileEncoding = 4; lastKnownFileType = sourcecode.c.objc; name = main.m; path = OnlinePhotos/main.m; sourceTree = "<group>"; };
		14EBA72CB3844FC3A712990C /* MuseoSlab-100.ttf */ = {isa = PBXFileReference; explicitFileType = undefined; fileEncoding = 9; includeInIndex = 0; lastKnownFileType = unknown; name = "MuseoSlab-100.ttf"; path = "../src/assets/fonts/MuseoSlab-100.ttf"; sourceTree = "<group>"; };
		1BEBEB7872134063BF6D575E /* Menu.png */ = {isa = PBXFileReference; explicitFileType = undefined; fileEncoding = 9; includeInIndex = 0; lastKnownFileType = unknown; name = Menu.png; path = ../src/assets/HomePage/Menu.png; sourceTree = "<group>"; };
		2713591D0C69C602189F50FE /* Pods-OnlinePhotos-tvOS.release.xcconfig */ = {isa = PBXFileReference; includeInIndex = 1; lastKnownFileType = text.xcconfig; name = "Pods-OnlinePhotos-tvOS.release.xcconfig"; path = "Target Support Files/Pods-OnlinePhotos-tvOS/Pods-OnlinePhotos-tvOS.release.xcconfig"; sourceTree = "<group>"; };
		28644A0B4E65435CB5D1A7AC /* MuseoSlab-300.ttf */ = {isa = PBXFileReference; explicitFileType = undefined; fileEncoding = 9; includeInIndex = 0; lastKnownFileType = unknown; name = "MuseoSlab-300.ttf"; path = "../src/assets/fonts/MuseoSlab-300.ttf"; sourceTree = "<group>"; };
		2D02E47B1E0B4A5D006451C7 /* OnlinePhotos-tvOS.app */ = {isa = PBXFileReference; explicitFileType = wrapper.application; includeInIndex = 0; path = "OnlinePhotos-tvOS.app"; sourceTree = BUILT_PRODUCTS_DIR; };
		2D02E4901E0B4A5D006451C7 /* OnlinePhotos-tvOSTests.xctest */ = {isa = PBXFileReference; explicitFileType = wrapper.cfbundle; includeInIndex = 0; path = "OnlinePhotos-tvOSTests.xctest"; sourceTree = BUILT_PRODUCTS_DIR; };
		2D9F4F1BAF3A47728C6345BD /* Invite_Red.png */ = {isa = PBXFileReference; explicitFileType = undefined; fileEncoding = 9; includeInIndex = 0; lastKnownFileType = unknown; name = Invite_Red.png; path = ../src/assets/HomePage/Invite_Red.png; sourceTree = "<group>"; };
		2EADAA88F58748D2BD8B7F70 /* Camera_Red.png */ = {isa = PBXFileReference; explicitFileType = undefined; fileEncoding = 9; includeInIndex = 0; lastKnownFileType = unknown; name = Camera_Red.png; path = ../src/assets/HomePage/Camera_Red.png; sourceTree = "<group>"; };
		3365F1AF566049DB94ABC370 /* Calendar.png */ = {isa = PBXFileReference; explicitFileType = undefined; fileEncoding = 9; includeInIndex = 0; lastKnownFileType = unknown; name = Calendar.png; path = ../src/assets/HomePage/Calendar.png; sourceTree = "<group>"; };
		392AB36CD3024F9E84C2D4F0 /* Folder_Blue.png */ = {isa = PBXFileReference; explicitFileType = undefined; fileEncoding = 9; includeInIndex = 0; lastKnownFileType = unknown; name = Folder_Blue.png; path = ../src/assets/HomePage/Folder_Blue.png; sourceTree = "<group>"; };
		3FEF3E1585B3444693768661 /* Remember-Me_UnChecked.png */ = {isa = PBXFileReference; explicitFileType = undefined; fileEncoding = 9; includeInIndex = 0; lastKnownFileType = unknown; name = "Remember-Me_UnChecked.png"; path = "../src/assets/Remember-Me_UnChecked.png"; sourceTree = "<group>"; };
		427AFF145F4864BB7F626119 /* Pods-OnlinePhotos-OnlinePhotosTests.debug.xcconfig */ = {isa = PBXFileReference; includeInIndex = 1; lastKnownFileType = text.xcconfig; name = "Pods-OnlinePhotos-OnlinePhotosTests.debug.xcconfig"; path = "Target Support Files/Pods-OnlinePhotos-OnlinePhotosTests/Pods-OnlinePhotos-OnlinePhotosTests.debug.xcconfig"; sourceTree = "<group>"; };
		42FF43996D57428191AEB7F7 /* Storage.png */ = {isa = PBXFileReference; explicitFileType = undefined; fileEncoding = 9; includeInIndex = 0; lastKnownFileType = unknown; name = Storage.png; path = ../src/assets/HomePage/Storage.png; sourceTree = "<group>"; };
		46477EFD13544C2993EB4455 /* Phone.png */ = {isa = PBXFileReference; explicitFileType = undefined; fileEncoding = 9; includeInIndex = 0; lastKnownFileType = unknown; name = Phone.png; path = ../src/assets/images/Phone.png; sourceTree = "<group>"; };
		46D229659313402886932E3C /* Folder_Red.png */ = {isa = PBXFileReference; explicitFileType = undefined; fileEncoding = 9; includeInIndex = 0; lastKnownFileType = unknown; name = Folder_Red.png; path = ../src/assets/HomePage/Folder_Red.png; sourceTree = "<group>"; };
		5A03D3C88D4742D742011CF5 /* Pods-OnlinePhotos-OnlinePhotosTests.release.xcconfig */ = {isa = PBXFileReference; includeInIndex = 1; lastKnownFileType = text.xcconfig; name = "Pods-OnlinePhotos-OnlinePhotosTests.release.xcconfig"; path = "Target Support Files/Pods-OnlinePhotos-OnlinePhotosTests/Pods-OnlinePhotos-OnlinePhotosTests.release.xcconfig"; sourceTree = "<group>"; };
		5CF39C1CAEAB81344C0243BC /* Pods-OnlinePhotos-tvOS.debug.xcconfig */ = {isa = PBXFileReference; includeInIndex = 1; lastKnownFileType = text.xcconfig; name = "Pods-OnlinePhotos-tvOS.debug.xcconfig"; path = "Target Support Files/Pods-OnlinePhotos-tvOS/Pods-OnlinePhotos-tvOS.debug.xcconfig"; sourceTree = "<group>"; };
		5DB6445907D841EC9CA8879C /* Icon.png */ = {isa = PBXFileReference; explicitFileType = undefined; fileEncoding = 9; includeInIndex = 0; lastKnownFileType = unknown; name = Icon.png; path = ../src/assets/images/Icon.png; sourceTree = "<group>"; };
		692A5358F160448DA752F7AA /* BackgroundDark.png */ = {isa = PBXFileReference; explicitFileType = undefined; fileEncoding = 9; includeInIndex = 0; lastKnownFileType = unknown; name = BackgroundDark.png; path = ../src/assets/BackgroundDark.png; sourceTree = "<group>"; };
		6DD5F6AB1FB4442A88B3161A /* BackgroundDark_HighRes.png */ = {isa = PBXFileReference; explicitFileType = undefined; fileEncoding = 9; includeInIndex = 0; lastKnownFileType = unknown; name = BackgroundDark_HighRes.png; path = ../src/assets/images/BackgroundDark_HighRes.png; sourceTree = "<group>"; };
		7A8CCD146E514A3F8A4BFC3F /* Share.png */ = {isa = PBXFileReference; explicitFileType = undefined; fileEncoding = 9; includeInIndex = 0; lastKnownFileType = unknown; name = Share.png; path = ../src/assets/images/Share.png; sourceTree = "<group>"; };
		7F65419E37D64A1DBD987A8C /* Background Light.png */ = {isa = PBXFileReference; explicitFileType = undefined; fileEncoding = 9; includeInIndex = 0; lastKnownFileType = unknown; name = "Background Light.png"; path = "../src/assets/Background Light.png"; sourceTree = "<group>"; };
		81839A88764C4FFF91278C97 /* Background Dark_High Res.png */ = {isa = PBXFileReference; explicitFileType = undefined; fileEncoding = 9; includeInIndex = 0; lastKnownFileType = unknown; name = "Background Dark_High Res.png"; path = "../src/assets/Background Dark_High Res.png"; sourceTree = "<group>"; };
		81AB9BB72411601600AC10FF /* LaunchScreen.storyboard */ = {isa = PBXFileReference; fileEncoding = 4; lastKnownFileType = file.storyboard; name = LaunchScreen.storyboard; path = OnlinePhotos/LaunchScreen.storyboard; sourceTree = "<group>"; };
		8596F3133776453697F01227 /* libRNRncryptor.a */ = {isa = PBXFileReference; explicitFileType = undefined; fileEncoding = 9; includeInIndex = 0; lastKnownFileType = archive.ar; path = libRNRncryptor.a; sourceTree = "<group>"; };
		85F6DBAFA7744982A7BFD23D /* Back.png */ = {isa = PBXFileReference; explicitFileType = undefined; fileEncoding = 9; includeInIndex = 0; lastKnownFileType = unknown; name = Back.png; path = ../src/assets/HomePage/Back.png; sourceTree = "<group>"; };
		8AE2D4A9331D45D1B58FBA55 /* Notification.png */ = {isa = PBXFileReference; explicitFileType = undefined; fileEncoding = 9; includeInIndex = 0; lastKnownFileType = unknown; name = Notification.png; path = ../src/assets/HomePage/Notification.png; sourceTree = "<group>"; };
		8C30557060D040D48C35F23E /* pic3.png */ = {isa = PBXFileReference; explicitFileType = undefined; fileEncoding = 9; includeInIndex = 0; lastKnownFileType = unknown; name = pic3.png; path = ../src/assets/images/pic3.png; sourceTree = "<group>"; };
		91FEF679075947FF9B1EA48B /* Search.png */ = {isa = PBXFileReference; explicitFileType = undefined; fileEncoding = 9; includeInIndex = 0; lastKnownFileType = unknown; name = Search.png; path = ../src/assets/HomePage/Search.png; sourceTree = "<group>"; };
		933FA1AA82AB47F9B23C817C /* pic6.png */ = {isa = PBXFileReference; explicitFileType = undefined; fileEncoding = 9; includeInIndex = 0; lastKnownFileType = unknown; name = pic6.png; path = ../src/assets/images/pic6.png; sourceTree = "<group>"; };
		9A188FDA8EB39668747F025D /* Pods-OnlinePhotos-tvOSTests.debug.xcconfig */ = {isa = PBXFileReference; includeInIndex = 1; lastKnownFileType = text.xcconfig; name = "Pods-OnlinePhotos-tvOSTests.debug.xcconfig"; path = "Target Support Files/Pods-OnlinePhotos-tvOSTests/Pods-OnlinePhotos-tvOSTests.debug.xcconfig"; sourceTree = "<group>"; };
		A0989698B6E1446BBA8A4BDD /* Password.png */ = {isa = PBXFileReference; explicitFileType = undefined; fileEncoding = 9; includeInIndex = 0; lastKnownFileType = unknown; name = Password.png; path = ../src/assets/images/Password.png; sourceTree = "<group>"; };
		A1011C8E45D13853A710F422 /* libPods-OnlinePhotos.a */ = {isa = PBXFileReference; explicitFileType = archive.ar; includeInIndex = 0; path = "libPods-OnlinePhotos.a"; sourceTree = BUILT_PRODUCTS_DIR; };
		A6A0F25E087F4C6BBB8E36E5 /* Swipe.png */ = {isa = PBXFileReference; explicitFileType = undefined; fileEncoding = 9; includeInIndex = 0; lastKnownFileType = unknown; name = Swipe.png; path = ../src/assets/Swipe.png; sourceTree = "<group>"; };
		A9D31D3B266A543B0084FA3D /* OnlinePhotos.entitlements */ = {isa = PBXFileReference; lastKnownFileType = text.plist.entitlements; name = OnlinePhotos.entitlements; path = OnlinePhotos/OnlinePhotos.entitlements; sourceTree = "<group>"; };
		A9E025FF26F9D127005F7126 /* MuseoSlab-500.ttf */ = {isa = PBXFileReference; lastKnownFileType = file; name = "MuseoSlab-500.ttf"; path = "../src/assets/fonts/MuseoSlab-500.ttf"; sourceTree = "<group>"; };
		A9E0260526F9D13C005F7126 /* MuseoSlab-900.ttf */ = {isa = PBXFileReference; lastKnownFileType = file; name = "MuseoSlab-900.ttf"; path = "../src/assets/fonts/MuseoSlab-900.ttf"; sourceTree = "<group>"; };
		A9EA0E072747DEA700255039 /* GoogleService-Info.plist */ = {isa = PBXFileReference; fileEncoding = 4; lastKnownFileType = text.plist.xml; path = "GoogleService-Info.plist"; sourceTree = "<group>"; };
		A9FF4AEE274FAE96005C2CA2 /* StoreKit.framework */ = {isa = PBXFileReference; lastKnownFileType = wrapper.framework; name = StoreKit.framework; path = System/Library/Frameworks/StoreKit.framework; sourceTree = SDKROOT; };
		B1A8C602972540D296FD8668 /* pic7.png */ = {isa = PBXFileReference; explicitFileType = undefined; fileEncoding = 9; includeInIndex = 0; lastKnownFileType = unknown; name = pic7.png; path = ../src/assets/images/pic7.png; sourceTree = "<group>"; };
		B1FF349B434C440CA9F89025 /* Camera_Blue.png */ = {isa = PBXFileReference; explicitFileType = undefined; fileEncoding = 9; includeInIndex = 0; lastKnownFileType = unknown; name = Camera_Blue.png; path = ../src/assets/HomePage/Camera_Blue.png; sourceTree = "<group>"; };
		B3BB2C00A539418F9BD1FC0C /* Logo_Icon.png */ = {isa = PBXFileReference; explicitFileType = undefined; fileEncoding = 9; includeInIndex = 0; lastKnownFileType = unknown; name = Logo_Icon.png; path = ../src/assets/HomePage/Logo_Icon.png; sourceTree = "<group>"; };
		B99D99E6199C40819866D94F /* MuseoSlab-700.ttf */ = {isa = PBXFileReference; explicitFileType = undefined; fileEncoding = 9; includeInIndex = 0; lastKnownFileType = unknown; name = "MuseoSlab-700.ttf"; path = "../src/assets/fonts/MuseoSlab-700.ttf"; sourceTree = "<group>"; };
		BC7A0D371E444FA0AD7E320E /* MuseoSlab-500Italic.ttf */ = {isa = PBXFileReference; explicitFileType = undefined; fileEncoding = 9; includeInIndex = 0; lastKnownFileType = unknown; name = "MuseoSlab-500Italic.ttf"; path = "../src/assets/fonts/MuseoSlab-500Italic.ttf"; sourceTree = "<group>"; };
		BD34E6DDDBBA4D659F9B4FCD /* user.jpg */ = {isa = PBXFileReference; explicitFileType = undefined; fileEncoding = 9; includeInIndex = 0; lastKnownFileType = unknown; name = user.jpg; path = ../src/assets/images/user.jpg; sourceTree = "<group>"; };
		CF756F353D1CEA1EB3F23598 /* Pods-OnlinePhotos.release.xcconfig */ = {isa = PBXFileReference; includeInIndex = 1; lastKnownFileType = text.xcconfig; name = "Pods-OnlinePhotos.release.xcconfig"; path = "Target Support Files/Pods-OnlinePhotos/Pods-OnlinePhotos.release.xcconfig"; sourceTree = "<group>"; };
		D2F7BAACBB06474AA69443B9 /* pic2.png */ = {isa = PBXFileReference; explicitFileType = undefined; fileEncoding = 9; includeInIndex = 0; lastKnownFileType = unknown; name = pic2.png; path = ../src/assets/images/pic2.png; sourceTree = "<group>"; };
		D479C537425246F98E8DCA0B /* Email2.png */ = {isa = PBXFileReference; explicitFileType = undefined; fileEncoding = 9; includeInIndex = 0; lastKnownFileType = unknown; name = Email2.png; path = ../src/assets/Email2.png; sourceTree = "<group>"; };
		D70FD572CEDA48F09FE73B24 /* Remember Me_Checked.png */ = {isa = PBXFileReference; explicitFileType = undefined; fileEncoding = 9; includeInIndex = 0; lastKnownFileType = unknown; name = "Remember Me_Checked.png"; path = "../src/assets/Remember Me_Checked.png"; sourceTree = "<group>"; };
		D98964BDAAEF4A888DAB1173 /* Background Light__High Res.png */ = {isa = PBXFileReference; explicitFileType = undefined; fileEncoding = 9; includeInIndex = 0; lastKnownFileType = unknown; name = "Background Light__High Res.png"; path = "../src/assets/Background Light__High Res.png"; sourceTree = "<group>"; };
		E7BE0735B9E34A328AEA3532 /* Email.png */ = {isa = PBXFileReference; explicitFileType = undefined; fileEncoding = 9; includeInIndex = 0; lastKnownFileType = unknown; name = Email.png; path = ../src/assets/Email.png; sourceTree = "<group>"; };
		E94FF4A5CB7EE6824F423F73 /* Pods-OnlinePhotos.debug.xcconfig */ = {isa = PBXFileReference; includeInIndex = 1; lastKnownFileType = text.xcconfig; name = "Pods-OnlinePhotos.debug.xcconfig"; path = "Target Support Files/Pods-OnlinePhotos/Pods-OnlinePhotos.debug.xcconfig"; sourceTree = "<group>"; };
		EABACA3FF87FF4AFD05955A3 /* libPods-OnlinePhotos-OnlinePhotosTests.a */ = {isa = PBXFileReference; explicitFileType = archive.ar; includeInIndex = 0; path = "libPods-OnlinePhotos-OnlinePhotosTests.a"; sourceTree = BUILT_PRODUCTS_DIR; };
		ED297162215061F000B7C4FE /* JavaScriptCore.framework */ = {isa = PBXFileReference; lastKnownFileType = wrapper.framework; name = JavaScriptCore.framework; path = System/Library/Frameworks/JavaScriptCore.framework; sourceTree = SDKROOT; };
		ED2971642150620600B7C4FE /* JavaScriptCore.framework */ = {isa = PBXFileReference; lastKnownFileType = wrapper.framework; name = JavaScriptCore.framework; path = Platforms/AppleTVOS.platform/Developer/SDKs/AppleTVOS12.0.sdk/System/Library/Frameworks/JavaScriptCore.framework; sourceTree = DEVELOPER_DIR; };
		ED857B074F9686BAC6C131AF /* libPods-OnlinePhotos-tvOSTests.a */ = {isa = PBXFileReference; explicitFileType = archive.ar; includeInIndex = 0; path = "libPods-OnlinePhotos-tvOSTests.a"; sourceTree = BUILT_PRODUCTS_DIR; };
		F009DB1BAD3181E9A44EB2F9 /* libPods-OnlinePhotos-tvOS.a */ = {isa = PBXFileReference; explicitFileType = archive.ar; includeInIndex = 0; path = "libPods-OnlinePhotos-tvOS.a"; sourceTree = BUILT_PRODUCTS_DIR; };
		F38DA36BE3424924833C2725 /* Invite_Blue.png */ = {isa = PBXFileReference; explicitFileType = undefined; fileEncoding = 9; includeInIndex = 0; lastKnownFileType = unknown; name = Invite_Blue.png; path = ../src/assets/HomePage/Invite_Blue.png; sourceTree = "<group>"; };
		FC478FB98D46367A462827C0 /* Pods-OnlinePhotos-tvOSTests.release.xcconfig */ = {isa = PBXFileReference; includeInIndex = 1; lastKnownFileType = text.xcconfig; name = "Pods-OnlinePhotos-tvOSTests.release.xcconfig"; path = "Target Support Files/Pods-OnlinePhotos-tvOSTests/Pods-OnlinePhotos-tvOSTests.release.xcconfig"; sourceTree = "<group>"; };
		FC63DDAE7AAC4539B160DEB1 /* Plus.png */ = {isa = PBXFileReference; explicitFileType = undefined; fileEncoding = 9; includeInIndex = 0; lastKnownFileType = unknown; name = Plus.png; path = ../src/assets/HomePage/Plus.png; sourceTree = "<group>"; };
/* End PBXFileReference section */

/* Begin PBXFrameworksBuildPhase section */
		00E356EB1AD99517003FC87E /* Frameworks */ = {
			isa = PBXFrameworksBuildPhase;
			buildActionMask = 2147483647;
			files = (
				C3E9B236FAAC37DFAAF90D3F /* libPods-OnlinePhotos-OnlinePhotosTests.a in Frameworks */,
			);
			runOnlyForDeploymentPostprocessing = 0;
		};
		13B07F8C1A680F5B00A75B9A /* Frameworks */ = {
			isa = PBXFrameworksBuildPhase;
			buildActionMask = 2147483647;
			files = (
				B181145F2D1175C4387DF012 /* libPods-OnlinePhotos.a in Frameworks */,
				A9FF4AEF274FAE96005C2CA2 /* StoreKit.framework in Frameworks */,
			);
			runOnlyForDeploymentPostprocessing = 0;
		};
		2D02E4781E0B4A5D006451C7 /* Frameworks */ = {
			isa = PBXFrameworksBuildPhase;
			buildActionMask = 2147483647;
			files = (
				AFD7BA5B9179DE53CC7099F1 /* libPods-OnlinePhotos-tvOS.a in Frameworks */,
			);
			runOnlyForDeploymentPostprocessing = 0;
		};
		2D02E48D1E0B4A5D006451C7 /* Frameworks */ = {
			isa = PBXFrameworksBuildPhase;
			buildActionMask = 2147483647;
			files = (
				A2E0F43CAEBC8F0D402EC83A /* libPods-OnlinePhotos-tvOSTests.a in Frameworks */,
			);
			runOnlyForDeploymentPostprocessing = 0;
		};
/* End PBXFrameworksBuildPhase section */

/* Begin PBXGroup section */
		00E356EF1AD99517003FC87E /* OnlinePhotosTests */ = {
			isa = PBXGroup;
			children = (
				00E356F21AD99517003FC87E /* OnlinePhotosTests.m */,
				00E356F01AD99517003FC87E /* Supporting Files */,
			);
			path = OnlinePhotosTests;
			sourceTree = "<group>";
		};
		00E356F01AD99517003FC87E /* Supporting Files */ = {
			isa = PBXGroup;
			children = (
				00E356F11AD99517003FC87E /* Info.plist */,
			);
			name = "Supporting Files";
			sourceTree = "<group>";
		};
		0CD5F9606D3501357E2175DF /* Pods */ = {
			isa = PBXGroup;
			children = (
				E94FF4A5CB7EE6824F423F73 /* Pods-OnlinePhotos.debug.xcconfig */,
				CF756F353D1CEA1EB3F23598 /* Pods-OnlinePhotos.release.xcconfig */,
				427AFF145F4864BB7F626119 /* Pods-OnlinePhotos-OnlinePhotosTests.debug.xcconfig */,
				5A03D3C88D4742D742011CF5 /* Pods-OnlinePhotos-OnlinePhotosTests.release.xcconfig */,
				5CF39C1CAEAB81344C0243BC /* Pods-OnlinePhotos-tvOS.debug.xcconfig */,
				2713591D0C69C602189F50FE /* Pods-OnlinePhotos-tvOS.release.xcconfig */,
				9A188FDA8EB39668747F025D /* Pods-OnlinePhotos-tvOSTests.debug.xcconfig */,
				FC478FB98D46367A462827C0 /* Pods-OnlinePhotos-tvOSTests.release.xcconfig */,
			);
			path = Pods;
			sourceTree = "<group>";
		};
		13B07FAE1A68108700A75B9A /* OnlinePhotos */ = {
			isa = PBXGroup;
			children = (
				A9D31D3B266A543B0084FA3D /* OnlinePhotos.entitlements */,
				13B07FAF1A68108700A75B9A /* AppDelegate.h */,
				13B07FB01A68108700A75B9A /* AppDelegate.m */,
				13B07FB51A68108700A75B9A /* Images.xcassets */,
				13B07FB61A68108700A75B9A /* Info.plist */,
				81AB9BB72411601600AC10FF /* LaunchScreen.storyboard */,
				A9EA0E072747DEA700255039 /* GoogleService-Info.plist */,
				13B07FB71A68108700A75B9A /* main.m */,
			);
			name = OnlinePhotos;
			sourceTree = "<group>";
		};
		2D16E6871FA4F8E400B85C8A /* Frameworks */ = {
			isa = PBXGroup;
			children = (
				A9FF4AEE274FAE96005C2CA2 /* StoreKit.framework */,
				ED297162215061F000B7C4FE /* JavaScriptCore.framework */,
				ED2971642150620600B7C4FE /* JavaScriptCore.framework */,
				A1011C8E45D13853A710F422 /* libPods-OnlinePhotos.a */,
				EABACA3FF87FF4AFD05955A3 /* libPods-OnlinePhotos-OnlinePhotosTests.a */,
				F009DB1BAD3181E9A44EB2F9 /* libPods-OnlinePhotos-tvOS.a */,
				ED857B074F9686BAC6C131AF /* libPods-OnlinePhotos-tvOSTests.a */,
			);
			name = Frameworks;
			sourceTree = "<group>";
		};
		7D8E0E7B05BA4F9AA82E7224 /* Resources */ = {
			isa = PBXGroup;
			children = (
				81839A88764C4FFF91278C97 /* Background Dark_High Res.png */,
				D98964BDAAEF4A888DAB1173 /* Background Light__High Res.png */,
				7F65419E37D64A1DBD987A8C /* Background Light.png */,
				692A5358F160448DA752F7AA /* BackgroundDark.png */,
				E7BE0735B9E34A328AEA3532 /* Email.png */,
				D479C537425246F98E8DCA0B /* Email2.png */,
				85F6DBAFA7744982A7BFD23D /* Back.png */,
				3365F1AF566049DB94ABC370 /* Calendar.png */,
				B1FF349B434C440CA9F89025 /* Camera_Blue.png */,
				2EADAA88F58748D2BD8B7F70 /* Camera_Red.png */,
				392AB36CD3024F9E84C2D4F0 /* Folder_Blue.png */,
				46D229659313402886932E3C /* Folder_Red.png */,
				F38DA36BE3424924833C2725 /* Invite_Blue.png */,
				2D9F4F1BAF3A47728C6345BD /* Invite_Red.png */,
				B3BB2C00A539418F9BD1FC0C /* Logo_Icon.png */,
				1BEBEB7872134063BF6D575E /* Menu.png */,
				8AE2D4A9331D45D1B58FBA55 /* Notification.png */,
				FC63DDAE7AAC4539B160DEB1 /* Plus.png */,
				91FEF679075947FF9B1EA48B /* Search.png */,
				42FF43996D57428191AEB7F7 /* Storage.png */,
				6DD5F6AB1FB4442A88B3161A /* BackgroundDark_HighRes.png */,
				0429A170A7814694A4156138 /* Full_Name.png */,
				5DB6445907D841EC9CA8879C /* Icon.png */,
				03712CE97C64425481E7221A /* Logo.png */,
				A0989698B6E1446BBA8A4BDD /* Password.png */,
				46477EFD13544C2993EB4455 /* Phone.png */,
				D2F7BAACBB06474AA69443B9 /* pic2.png */,
				8C30557060D040D48C35F23E /* pic3.png */,
				933FA1AA82AB47F9B23C817C /* pic6.png */,
				B1A8C602972540D296FD8668 /* pic7.png */,
				7A8CCD146E514A3F8A4BFC3F /* Share.png */,
				BD34E6DDDBBA4D659F9B4FCD /* user.jpg */,
				D70FD572CEDA48F09FE73B24 /* Remember Me_Checked.png */,
				3FEF3E1585B3444693768661 /* Remember-Me_UnChecked.png */,
				A6A0F25E087F4C6BBB8E36E5 /* Swipe.png */,
				A9E025FF26F9D127005F7126 /* MuseoSlab-500.ttf */,
				A9E0260526F9D13C005F7126 /* MuseoSlab-900.ttf */,
				14EBA72CB3844FC3A712990C /* MuseoSlab-100.ttf */,
				28644A0B4E65435CB5D1A7AC /* MuseoSlab-300.ttf */,
				BC7A0D371E444FA0AD7E320E /* MuseoSlab-500Italic.ttf */,
				B99D99E6199C40819866D94F /* MuseoSlab-700.ttf */,
			);
			name = Resources;
			sourceTree = "<group>";
		};
		832341AE1AAA6A7D00B99B32 /* Libraries */ = {
			isa = PBXGroup;
			children = (
				041762F4E1B04E2D8D42A75A /* RNRncryptor.xcodeproj */,
			);
			name = Libraries;
			sourceTree = "<group>";
		};
		83CBB9F61A601CBA00E9B192 = {
			isa = PBXGroup;
			children = (
				13B07FAE1A68108700A75B9A /* OnlinePhotos */,
				832341AE1AAA6A7D00B99B32 /* Libraries */,
				00E356EF1AD99517003FC87E /* OnlinePhotosTests */,
				83CBBA001A601CBA00E9B192 /* Products */,
				2D16E6871FA4F8E400B85C8A /* Frameworks */,
				0CD5F9606D3501357E2175DF /* Pods */,
				9969AF9825E4D17E00E9F074 /* Recovered References */,
				7D8E0E7B05BA4F9AA82E7224 /* Resources */,
			);
			indentWidth = 2;
			sourceTree = "<group>";
			tabWidth = 2;
			usesTabs = 0;
		};
		83CBBA001A601CBA00E9B192 /* Products */ = {
			isa = PBXGroup;
			children = (
				13B07F961A680F5B00A75B9A /* OnlinePhotos.app */,
				00E356EE1AD99517003FC87E /* OnlinePhotosTests.xctest */,
				2D02E47B1E0B4A5D006451C7 /* OnlinePhotos-tvOS.app */,
				2D02E4901E0B4A5D006451C7 /* OnlinePhotos-tvOSTests.xctest */,
			);
			name = Products;
			sourceTree = "<group>";
		};
		9969AF9825E4D17E00E9F074 /* Recovered References */ = {
			isa = PBXGroup;
			children = (
				8596F3133776453697F01227 /* libRNRncryptor.a */,
			);
			name = "Recovered References";
			sourceTree = "<group>";
		};
		9969AF9925E4D17E00E9F074 /* Products */ = {
			isa = PBXGroup;
			children = (
				9969AF9D25E4D17E00E9F074 /* libRNRncryptor.a */,
			);
			name = Products;
			sourceTree = "<group>";
		};
/* End PBXGroup section */

/* Begin PBXNativeTarget section */
		00E356ED1AD99517003FC87E /* OnlinePhotosTests */ = {
			isa = PBXNativeTarget;
			buildConfigurationList = 00E357021AD99517003FC87E /* Build configuration list for PBXNativeTarget "OnlinePhotosTests" */;
			buildPhases = (
				C030DDFD2D78E34E600DECFB /* [CP] Check Pods Manifest.lock */,
				00E356EA1AD99517003FC87E /* Sources */,
				00E356EB1AD99517003FC87E /* Frameworks */,
				00E356EC1AD99517003FC87E /* Resources */,
				4EC6FB3B62639FDAD885EC51 /* [CP] Copy Pods Resources */,
			);
			buildRules = (
			);
			dependencies = (
				00E356F51AD99517003FC87E /* PBXTargetDependency */,
			);
			name = OnlinePhotosTests;
			productName = OnlinePhotosTests;
			productReference = 00E356EE1AD99517003FC87E /* OnlinePhotosTests.xctest */;
			productType = "com.apple.product-type.bundle.unit-test";
		};
		13B07F861A680F5B00A75B9A /* OnlinePhotos */ = {
			isa = PBXNativeTarget;
			buildConfigurationList = 13B07F931A680F5B00A75B9A /* Build configuration list for PBXNativeTarget "OnlinePhotos" */;
			buildPhases = (
				C0245A4112446476D447F011 /* [CP] Check Pods Manifest.lock */,
				FD10A7F022414F080027D42C /* Start Packager */,
				13B07F871A680F5B00A75B9A /* Sources */,
				13B07F8C1A680F5B00A75B9A /* Frameworks */,
				13B07F8E1A680F5B00A75B9A /* Resources */,
				00DD1BFF1BD5951E006B06BC /* Bundle React Native code and images */,
				6E646FD87B427E64A0481CA6 /* [CP] Copy Pods Resources */,
				F95491C625AD9F0B000D7640 /* ShellScript */,
				6284468374353B01EFC4BACB /* [CP-User] [RNFB] Core Configuration */,
			);
			buildRules = (
			);
			dependencies = (
			);
			name = OnlinePhotos;
			productName = OnlinePhotos;
			productReference = 13B07F961A680F5B00A75B9A /* OnlinePhotos.app */;
			productType = "com.apple.product-type.application";
		};
		2D02E47A1E0B4A5D006451C7 /* OnlinePhotos-tvOS */ = {
			isa = PBXNativeTarget;
			buildConfigurationList = 2D02E4BA1E0B4A5E006451C7 /* Build configuration list for PBXNativeTarget "OnlinePhotos-tvOS" */;
			buildPhases = (
				9334E546CE19B4F0E60FA046 /* [CP] Check Pods Manifest.lock */,
				FD10A7F122414F3F0027D42C /* Start Packager */,
				2D02E4771E0B4A5D006451C7 /* Sources */,
				2D02E4781E0B4A5D006451C7 /* Frameworks */,
				2D02E4791E0B4A5D006451C7 /* Resources */,
				2D02E4CB1E0B4B27006451C7 /* Bundle React Native Code And Images */,
			);
			buildRules = (
			);
			dependencies = (
			);
			name = "OnlinePhotos-tvOS";
			productName = "OnlinePhotos-tvOS";
			productReference = 2D02E47B1E0B4A5D006451C7 /* OnlinePhotos-tvOS.app */;
			productType = "com.apple.product-type.application";
		};
		2D02E48F1E0B4A5D006451C7 /* OnlinePhotos-tvOSTests */ = {
			isa = PBXNativeTarget;
			buildConfigurationList = 2D02E4BB1E0B4A5E006451C7 /* Build configuration list for PBXNativeTarget "OnlinePhotos-tvOSTests" */;
			buildPhases = (
				0187AE2238FDA9558E40F011 /* [CP] Check Pods Manifest.lock */,
				2D02E48C1E0B4A5D006451C7 /* Sources */,
				2D02E48D1E0B4A5D006451C7 /* Frameworks */,
				2D02E48E1E0B4A5D006451C7 /* Resources */,
			);
			buildRules = (
			);
			dependencies = (
				2D02E4921E0B4A5D006451C7 /* PBXTargetDependency */,
			);
			name = "OnlinePhotos-tvOSTests";
			productName = "OnlinePhotos-tvOSTests";
			productReference = 2D02E4901E0B4A5D006451C7 /* OnlinePhotos-tvOSTests.xctest */;
			productType = "com.apple.product-type.bundle.unit-test";
		};
/* End PBXNativeTarget section */

/* Begin PBXProject section */
		83CBB9F71A601CBA00E9B192 /* Project object */ = {
			isa = PBXProject;
			attributes = {
				LastUpgradeCheck = 1130;
				TargetAttributes = {
					00E356ED1AD99517003FC87E = {
						CreatedOnToolsVersion = 6.2;
						ProvisioningStyle = Manual;
						TestTargetID = 13B07F861A680F5B00A75B9A;
					};
					13B07F861A680F5B00A75B9A = {
						DevelopmentTeam = S3932B8UMW;
						LastSwiftMigration = 1120;
						ProvisioningStyle = Manual;
					};
					2D02E47A1E0B4A5D006451C7 = {
						CreatedOnToolsVersion = 8.2.1;
						ProvisioningStyle = Manual;
					};
					2D02E48F1E0B4A5D006451C7 = {
						CreatedOnToolsVersion = 8.2.1;
						ProvisioningStyle = Manual;
						TestTargetID = 2D02E47A1E0B4A5D006451C7;
					};
				};
			};
			buildConfigurationList = 83CBB9FA1A601CBA00E9B192 /* Build configuration list for PBXProject "OnlinePhotos" */;
			compatibilityVersion = "Xcode 3.2";
			developmentRegion = en;
			hasScannedForEncodings = 0;
			knownRegions = (
				en,
				Base,
			);
			mainGroup = 83CBB9F61A601CBA00E9B192;
			productRefGroup = 83CBBA001A601CBA00E9B192 /* Products */;
			projectDirPath = "";
			projectReferences = (
				{
					ProductGroup = 9969AF9925E4D17E00E9F074 /* Products */;
					ProjectRef = 041762F4E1B04E2D8D42A75A /* RNRncryptor.xcodeproj */;
				},
			);
			projectRoot = "";
			targets = (
				13B07F861A680F5B00A75B9A /* OnlinePhotos */,
				00E356ED1AD99517003FC87E /* OnlinePhotosTests */,
				2D02E47A1E0B4A5D006451C7 /* OnlinePhotos-tvOS */,
				2D02E48F1E0B4A5D006451C7 /* OnlinePhotos-tvOSTests */,
			);
		};
/* End PBXProject section */

/* Begin PBXReferenceProxy section */
		9969AF9D25E4D17E00E9F074 /* libRNRncryptor.a */ = {
			isa = PBXReferenceProxy;
			fileType = archive.ar;
			path = libRNRncryptor.a;
			remoteRef = 9969AF9C25E4D17E00E9F074 /* PBXContainerItemProxy */;
			sourceTree = BUILT_PRODUCTS_DIR;
		};
/* End PBXReferenceProxy section */

/* Begin PBXResourcesBuildPhase section */
		00E356EC1AD99517003FC87E /* Resources */ = {
			isa = PBXResourcesBuildPhase;
			buildActionMask = 2147483647;
			files = (
			);
			runOnlyForDeploymentPostprocessing = 0;
		};
		13B07F8E1A680F5B00A75B9A /* Resources */ = {
			isa = PBXResourcesBuildPhase;
			buildActionMask = 2147483647;
			files = (
				81AB9BB82411601600AC10FF /* LaunchScreen.storyboard in Resources */,
				13B07FBF1A68108700A75B9A /* Images.xcassets in Resources */,
				C71CCD767F9A449C996FFBE3 /* Background Dark_High Res.png in Resources */,
				1ACBD1E7C8B247619442091B /* Background Light__High Res.png in Resources */,
				273EA4BBC41644EABB66873E /* Background Light.png in Resources */,
				2AF4C6EF8FEF4ADFA3B19C89 /* BackgroundDark.png in Resources */,
				D93DC7E645B84DD4A991AB3B /* Email.png in Resources */,
				F0EAAD5DF2AA4228958857D0 /* Email2.png in Resources */,
				8C8C51ABB52844C090C9041C /* Back.png in Resources */,
				D1DCBD4611954B84A0A41358 /* Calendar.png in Resources */,
				2A0D9EFE1E86496CB309079D /* Camera_Blue.png in Resources */,
				4DA261B8D2CE48889C1CC76A /* Camera_Red.png in Resources */,
				85F06D88850C42D79CD3B4C0 /* Folder_Blue.png in Resources */,
				E250512418154815B5B91ED9 /* Folder_Red.png in Resources */,
				A9E0260626F9D13C005F7126 /* MuseoSlab-900.ttf in Resources */,
				7A57E1652AE74FC1BC86E237 /* Invite_Blue.png in Resources */,
				0E4E1F2F127A4428BA03738C /* Invite_Red.png in Resources */,
				F8520B9AF22B433B94D2A58C /* Logo_Icon.png in Resources */,
				E741BCFFDF6345828C755879 /* Menu.png in Resources */,
				F9225DCBCAC64CBD8685451A /* Notification.png in Resources */,
				94233BCD4A9946F4B75077E7 /* Plus.png in Resources */,
				25BD2FF705724A279B3BE372 /* Search.png in Resources */,
				07EF7F3C77404FF3AA6827BA /* Storage.png in Resources */,
				5D236C02615C4CF0AC986D97 /* BackgroundDark_HighRes.png in Resources */,
				1946B8D39728420E9634EB9A /* Full_Name.png in Resources */,
				32705CE4C67648D19950C8B8 /* Icon.png in Resources */,
				350A559C93174EE7A2CC227A /* Logo.png in Resources */,
				98D10F8585AC4CD5918F1DAD /* Password.png in Resources */,
				30D561FE96824F31AE66D55A /* Phone.png in Resources */,
				2B8F9A88237E44E8B62320E2 /* pic2.png in Resources */,
				F6CD78BB8CF64E3C952E5CD1 /* pic3.png in Resources */,
				66BC8FD23329463EAB140671 /* pic6.png in Resources */,
				BCAE0BB8D8864D6BB684D2F8 /* pic7.png in Resources */,
				A9E0260026F9D127005F7126 /* MuseoSlab-500.ttf in Resources */,
				175A5DA23A8C4847AA0EA587 /* Share.png in Resources */,
				7D5F93739BA54DE9A8FCAA03 /* user.jpg in Resources */,
				F92B5D568DCF4F8993C5D244 /* Remember Me_Checked.png in Resources */,
				925DAA2991F845BB80A14DE2 /* Remember-Me_UnChecked.png in Resources */,
				3EE1BC1F348B473F934BC4AD /* Swipe.png in Resources */,
				A84A7659B45B418396747991 /* MuseoSlab-100.ttf in Resources */,
				046C1561E7594E1995811AF6 /* MuseoSlab-300.ttf in Resources */,
				A9EA0E082747DEA700255039 /* GoogleService-Info.plist in Resources */,
				E2D6AC96C0624DF890CC46F8 /* MuseoSlab-500Italic.ttf in Resources */,
				E14B55B82C1247DAA52FA28F /* MuseoSlab-700.ttf in Resources */,
			);
			runOnlyForDeploymentPostprocessing = 0;
		};
		2D02E4791E0B4A5D006451C7 /* Resources */ = {
			isa = PBXResourcesBuildPhase;
			buildActionMask = 2147483647;
			files = (
				2D02E4BD1E0B4A84006451C7 /* Images.xcassets in Resources */,
			);
			runOnlyForDeploymentPostprocessing = 0;
		};
		2D02E48E1E0B4A5D006451C7 /* Resources */ = {
			isa = PBXResourcesBuildPhase;
			buildActionMask = 2147483647;
			files = (
			);
			runOnlyForDeploymentPostprocessing = 0;
		};
/* End PBXResourcesBuildPhase section */

/* Begin PBXShellScriptBuildPhase section */
		00DD1BFF1BD5951E006B06BC /* Bundle React Native code and images */ = {
			isa = PBXShellScriptBuildPhase;
			buildActionMask = 2147483647;
			files = (
			);
			inputPaths = (
			);
			name = "Bundle React Native code and images";
			outputPaths = (
			);
			runOnlyForDeploymentPostprocessing = 0;
			shellPath = /bin/sh;
			shellScript = "export NODE_BINARY=node\n../node_modules/react-native/scripts/react-native-xcode.sh\n";
		};
		0187AE2238FDA9558E40F011 /* [CP] Check Pods Manifest.lock */ = {
			isa = PBXShellScriptBuildPhase;
			buildActionMask = 2147483647;
			files = (
			);
			inputFileListPaths = (
			);
			inputPaths = (
				"${PODS_PODFILE_DIR_PATH}/Podfile.lock",
				"${PODS_ROOT}/Manifest.lock",
			);
			name = "[CP] Check Pods Manifest.lock";
			outputFileListPaths = (
			);
			outputPaths = (
				"$(DERIVED_FILE_DIR)/Pods-OnlinePhotos-tvOSTests-checkManifestLockResult.txt",
			);
			runOnlyForDeploymentPostprocessing = 0;
			shellPath = /bin/sh;
			shellScript = "diff \"${PODS_PODFILE_DIR_PATH}/Podfile.lock\" \"${PODS_ROOT}/Manifest.lock\" > /dev/null\nif [ $? != 0 ] ; then\n    # print error to STDERR\n    echo \"error: The sandbox is not in sync with the Podfile.lock. Run 'pod install' or update your CocoaPods installation.\" >&2\n    exit 1\nfi\n# This output is used by Xcode 'outputs' to avoid re-running this script phase.\necho \"SUCCESS\" > \"${SCRIPT_OUTPUT_FILE_0}\"\n";
			showEnvVarsInLog = 0;
		};
		2D02E4CB1E0B4B27006451C7 /* Bundle React Native Code And Images */ = {
			isa = PBXShellScriptBuildPhase;
			buildActionMask = 2147483647;
			files = (
			);
			inputPaths = (
			);
			name = "Bundle React Native Code And Images";
			outputPaths = (
			);
			runOnlyForDeploymentPostprocessing = 0;
			shellPath = /bin/sh;
			shellScript = "export NODE_BINARY=node\n../node_modules/react-native/scripts/react-native-xcode.sh";
		};
		4EC6FB3B62639FDAD885EC51 /* [CP] Copy Pods Resources */ = {
			isa = PBXShellScriptBuildPhase;
			buildActionMask = 2147483647;
			files = (
			);
			inputPaths = (
				"${PODS_ROOT}/Target Support Files/Pods-OnlinePhotos-OnlinePhotosTests/Pods-OnlinePhotos-OnlinePhotosTests-resources.sh",
				"${PODS_CONFIGURATION_BUILD_DIR}/RNImageCropPicker/QBImagePicker.bundle",
				"${PODS_ROOT}/../../node_modules/react-native-vector-icons/Fonts/AntDesign.ttf",
				"${PODS_ROOT}/../../node_modules/react-native-vector-icons/Fonts/Entypo.ttf",
				"${PODS_ROOT}/../../node_modules/react-native-vector-icons/Fonts/EvilIcons.ttf",
				"${PODS_ROOT}/../../node_modules/react-native-vector-icons/Fonts/Feather.ttf",
				"${PODS_ROOT}/../../node_modules/react-native-vector-icons/Fonts/FontAwesome.ttf",
				"${PODS_ROOT}/../../node_modules/react-native-vector-icons/Fonts/FontAwesome5_Brands.ttf",
				"${PODS_ROOT}/../../node_modules/react-native-vector-icons/Fonts/FontAwesome5_Regular.ttf",
				"${PODS_ROOT}/../../node_modules/react-native-vector-icons/Fonts/FontAwesome5_Solid.ttf",
				"${PODS_ROOT}/../../node_modules/react-native-vector-icons/Fonts/Fontisto.ttf",
				"${PODS_ROOT}/../../node_modules/react-native-vector-icons/Fonts/Foundation.ttf",
				"${PODS_ROOT}/../../node_modules/react-native-vector-icons/Fonts/Ionicons.ttf",
				"${PODS_ROOT}/../../node_modules/react-native-vector-icons/Fonts/MaterialCommunityIcons.ttf",
				"${PODS_ROOT}/../../node_modules/react-native-vector-icons/Fonts/MaterialIcons.ttf",
				"${PODS_ROOT}/../../node_modules/react-native-vector-icons/Fonts/Octicons.ttf",
				"${PODS_ROOT}/../../node_modules/react-native-vector-icons/Fonts/SimpleLineIcons.ttf",
				"${PODS_ROOT}/../../node_modules/react-native-vector-icons/Fonts/Zocial.ttf",
				"${PODS_CONFIGURATION_BUILD_DIR}/React-Core/AccessibilityResources.bundle",
				"${PODS_CONFIGURATION_BUILD_DIR}/TOCropViewController/TOCropViewControllerBundle.bundle",
			);
			name = "[CP] Copy Pods Resources";
			outputPaths = (
				"${TARGET_BUILD_DIR}/${UNLOCALIZED_RESOURCES_FOLDER_PATH}/QBImagePicker.bundle",
				"${TARGET_BUILD_DIR}/${UNLOCALIZED_RESOURCES_FOLDER_PATH}/AntDesign.ttf",
				"${TARGET_BUILD_DIR}/${UNLOCALIZED_RESOURCES_FOLDER_PATH}/Entypo.ttf",
				"${TARGET_BUILD_DIR}/${UNLOCALIZED_RESOURCES_FOLDER_PATH}/EvilIcons.ttf",
				"${TARGET_BUILD_DIR}/${UNLOCALIZED_RESOURCES_FOLDER_PATH}/Feather.ttf",
				"${TARGET_BUILD_DIR}/${UNLOCALIZED_RESOURCES_FOLDER_PATH}/FontAwesome.ttf",
				"${TARGET_BUILD_DIR}/${UNLOCALIZED_RESOURCES_FOLDER_PATH}/FontAwesome5_Brands.ttf",
				"${TARGET_BUILD_DIR}/${UNLOCALIZED_RESOURCES_FOLDER_PATH}/FontAwesome5_Regular.ttf",
				"${TARGET_BUILD_DIR}/${UNLOCALIZED_RESOURCES_FOLDER_PATH}/FontAwesome5_Solid.ttf",
				"${TARGET_BUILD_DIR}/${UNLOCALIZED_RESOURCES_FOLDER_PATH}/Fontisto.ttf",
				"${TARGET_BUILD_DIR}/${UNLOCALIZED_RESOURCES_FOLDER_PATH}/Foundation.ttf",
				"${TARGET_BUILD_DIR}/${UNLOCALIZED_RESOURCES_FOLDER_PATH}/Ionicons.ttf",
				"${TARGET_BUILD_DIR}/${UNLOCALIZED_RESOURCES_FOLDER_PATH}/MaterialCommunityIcons.ttf",
				"${TARGET_BUILD_DIR}/${UNLOCALIZED_RESOURCES_FOLDER_PATH}/MaterialIcons.ttf",
				"${TARGET_BUILD_DIR}/${UNLOCALIZED_RESOURCES_FOLDER_PATH}/Octicons.ttf",
				"${TARGET_BUILD_DIR}/${UNLOCALIZED_RESOURCES_FOLDER_PATH}/SimpleLineIcons.ttf",
				"${TARGET_BUILD_DIR}/${UNLOCALIZED_RESOURCES_FOLDER_PATH}/Zocial.ttf",
				"${TARGET_BUILD_DIR}/${UNLOCALIZED_RESOURCES_FOLDER_PATH}/AccessibilityResources.bundle",
				"${TARGET_BUILD_DIR}/${UNLOCALIZED_RESOURCES_FOLDER_PATH}/TOCropViewControllerBundle.bundle",
			);
			runOnlyForDeploymentPostprocessing = 0;
			shellPath = /bin/sh;
			shellScript = "\"${PODS_ROOT}/Target Support Files/Pods-OnlinePhotos-OnlinePhotosTests/Pods-OnlinePhotos-OnlinePhotosTests-resources.sh\"\n";
			showEnvVarsInLog = 0;
		};
		6284468374353B01EFC4BACB /* [CP-User] [RNFB] Core Configuration */ = {
			isa = PBXShellScriptBuildPhase;
			buildActionMask = 2147483647;
			files = (
			);
			inputPaths = (
				"$(BUILT_PRODUCTS_DIR)/$(INFOPLIST_PATH)",
			);
			name = "[CP-User] [RNFB] Core Configuration";
			runOnlyForDeploymentPostprocessing = 0;
			shellPath = /bin/sh;
			shellScript = "#!/usr/bin/env bash\n#\n# Copyright (c) 2016-present Invertase Limited & Contributors\n#\n# Licensed under the Apache License, Version 2.0 (the \"License\");\n# you may not use this library except in compliance with the License.\n# You may obtain a copy of the License at\n#\n#   http://www.apache.org/licenses/LICENSE-2.0\n#\n# Unless required by applicable law or agreed to in writing, software\n# distributed under the License is distributed on an \"AS IS\" BASIS,\n# WITHOUT WARRANTIES OR CONDITIONS OF ANY KIND, either express or implied.\n# See the License for the specific language governing permissions and\n# limitations under the License.\n#\nset -e\n\n_MAX_LOOKUPS=2;\n_SEARCH_RESULT=''\n_RN_ROOT_EXISTS=''\n_CURRENT_LOOKUPS=1\n_JSON_ROOT=\"'react-native'\"\n_JSON_FILE_NAME='firebase.json'\n_JSON_OUTPUT_BASE64='e30=' # { }\n_CURRENT_SEARCH_DIR=${PROJECT_DIR}\n_PLIST_BUDDY=/usr/libexec/PlistBuddy\n_TARGET_PLIST=\"${BUILT_PRODUCTS_DIR}/${INFOPLIST_PATH}\"\n_DSYM_PLIST=\"${DWARF_DSYM_FOLDER_PATH}/${DWARF_DSYM_FILE_NAME}/Contents/Info.plist\"\n\n# plist arrays\n_PLIST_ENTRY_KEYS=()\n_PLIST_ENTRY_TYPES=()\n_PLIST_ENTRY_VALUES=()\n\nfunction setPlistValue {\n  echo \"info:      setting plist entry '$1' of type '$2' in file '$4'\"\n  ${_PLIST_BUDDY} -c \"Add :$1 $2 '$3'\" $4 || echo \"info:      '$1' already exists\"\n}\n\nfunction getFirebaseJsonKeyValue () {\n  if [[ ${_RN_ROOT_EXISTS} ]]; then\n    ruby -e \"require 'rubygems';require 'json'; output=JSON.parse('$1'); puts output[$_JSON_ROOT]['$2']\"\n  else\n    echo \"\"\n  fi;\n}\n\nfunction jsonBoolToYesNo () {\n  if [[ $1 == \"false\" ]]; then\n    echo \"NO\"\n  elif [[ $1 == \"true\" ]]; then\n    echo \"YES\"\n  else echo \"NO\"\n  fi\n}\n\necho \"info: -> RNFB build script started\"\necho \"info: 1) Locating ${_JSON_FILE_NAME} file:\"\n\nif [[ -z ${_CURRENT_SEARCH_DIR} ]]; then\n  _CURRENT_SEARCH_DIR=$(pwd)\nfi;\n\nwhile true; do\n  _CURRENT_SEARCH_DIR=$(dirname \"$_CURRENT_SEARCH_DIR\")\n  if [[ \"$_CURRENT_SEARCH_DIR\" == \"/\" ]] || [[ ${_CURRENT_LOOKUPS} -gt ${_MAX_LOOKUPS} ]]; then break; fi;\n  echo \"info:      ($_CURRENT_LOOKUPS of $_MAX_LOOKUPS) Searching in '$_CURRENT_SEARCH_DIR' for a ${_JSON_FILE_NAME} file.\"\n  _SEARCH_RESULT=$(find \"$_CURRENT_SEARCH_DIR\" -maxdepth 2 -name ${_JSON_FILE_NAME} -print | /usr/bin/head -n 1)\n  if [[ ${_SEARCH_RESULT} ]]; then\n    echo \"info:      ${_JSON_FILE_NAME} found at $_SEARCH_RESULT\"\n    break;\n  fi;\n  _CURRENT_LOOKUPS=$((_CURRENT_LOOKUPS+1))\ndone\n\nif [[ ${_SEARCH_RESULT} ]]; then\n  _JSON_OUTPUT_RAW=$(cat \"${_SEARCH_RESULT}\")\n  _RN_ROOT_EXISTS=$(ruby -e \"require 'rubygems';require 'json'; output=JSON.parse('$_JSON_OUTPUT_RAW'); puts output[$_JSON_ROOT]\" || echo '')\n\n  if [[ ${_RN_ROOT_EXISTS} ]]; then\n    _JSON_OUTPUT_BASE64=$(python -c 'import json,sys,base64;print(base64.b64encode(json.dumps(json.loads(open('\"'${_SEARCH_RESULT}'\"').read())['${_JSON_ROOT}'])))' || echo \"e30=\")\n  fi\n\n  _PLIST_ENTRY_KEYS+=(\"firebase_json_raw\")\n  _PLIST_ENTRY_TYPES+=(\"string\")\n  _PLIST_ENTRY_VALUES+=(\"$_JSON_OUTPUT_BASE64\")\n\n  # config.app_data_collection_default_enabled\n  _APP_DATA_COLLECTION_ENABLED=$(getFirebaseJsonKeyValue \"$_JSON_OUTPUT_RAW\" \"app_data_collection_default_enabled\")\n  if [[ $_APP_DATA_COLLECTION_ENABLED ]]; then\n    _PLIST_ENTRY_KEYS+=(\"FirebaseDataCollectionDefaultEnabled\")\n    _PLIST_ENTRY_TYPES+=(\"bool\")\n    _PLIST_ENTRY_VALUES+=(\"$(jsonBoolToYesNo \"$_APP_DATA_COLLECTION_ENABLED\")\")\n  fi\n\n  # config.analytics_auto_collection_enabled\n  _ANALYTICS_AUTO_COLLECTION=$(getFirebaseJsonKeyValue \"$_JSON_OUTPUT_RAW\" \"analytics_auto_collection_enabled\")\n  if [[ $_ANALYTICS_AUTO_COLLECTION ]]; then\n    _PLIST_ENTRY_KEYS+=(\"FIREBASE_ANALYTICS_COLLECTION_ENABLED\")\n    _PLIST_ENTRY_TYPES+=(\"bool\")\n    _PLIST_ENTRY_VALUES+=(\"$(jsonBoolToYesNo \"$_ANALYTICS_AUTO_COLLECTION\")\")\n  fi\n\n  # config.analytics_collection_deactivated\n  _ANALYTICS_DEACTIVATED=$(getFirebaseJsonKeyValue \"$_JSON_OUTPUT_RAW\" \"analytics_collection_deactivated\")\n  if [[ $_ANALYTICS_DEACTIVATED ]]; then\n    _PLIST_ENTRY_KEYS+=(\"FIREBASE_ANALYTICS_COLLECTION_DEACTIVATED\")\n    _PLIST_ENTRY_TYPES+=(\"bool\")\n    _PLIST_ENTRY_VALUES+=(\"$(jsonBoolToYesNo \"$_ANALYTICS_DEACTIVATED\")\")\n  fi\n\n  # config.analytics_idfv_collection_enabled\n  _ANALYTICS_IDFV_COLLECTION=$(getFirebaseJsonKeyValue \"$_JSON_OUTPUT_RAW\" \"analytics_idfv_collection_enabled\")\n  if [[ $_ANALYTICS_IDFV_COLLECTION ]]; then\n    _PLIST_ENTRY_KEYS+=(\"GOOGLE_ANALYTICS_IDFV_COLLECTION_ENABLED\")\n    _PLIST_ENTRY_TYPES+=(\"bool\")\n    _PLIST_ENTRY_VALUES+=(\"$(jsonBoolToYesNo \"$_ANALYTICS_IDFV_COLLECTION\")\")\n  fi\n\n  # config.analytics_default_allow_ad_personalization_signals\n  _ANALYTICS_PERSONALIZATION=$(getFirebaseJsonKeyValue \"$_JSON_OUTPUT_RAW\" \"analytics_default_allow_ad_personalization_signals\")\n  if [[ $_ANALYTICS_PERSONALIZATION ]]; then\n    _PLIST_ENTRY_KEYS+=(\"GOOGLE_ANALYTICS_DEFAULT_ALLOW_AD_PERSONALIZATION_SIGNALS\")\n    _PLIST_ENTRY_TYPES+=(\"bool\")\n    _PLIST_ENTRY_VALUES+=(\"$(jsonBoolToYesNo \"$_ANALYTICS_PERSONALIZATION\")\")\n  fi\n\n  # config.perf_auto_collection_enabled\n  _PERF_AUTO_COLLECTION=$(getFirebaseJsonKeyValue \"$_JSON_OUTPUT_RAW\" \"perf_auto_collection_enabled\")\n  if [[ $_PERF_AUTO_COLLECTION ]]; then\n    _PLIST_ENTRY_KEYS+=(\"firebase_performance_collection_enabled\")\n    _PLIST_ENTRY_TYPES+=(\"bool\")\n    _PLIST_ENTRY_VALUES+=(\"$(jsonBoolToYesNo \"$_PERF_AUTO_COLLECTION\")\")\n  fi\n\n  # config.perf_collection_deactivated\n  _PERF_DEACTIVATED=$(getFirebaseJsonKeyValue \"$_JSON_OUTPUT_RAW\" \"perf_collection_deactivated\")\n  if [[ $_PERF_DEACTIVATED ]]; then\n    _PLIST_ENTRY_KEYS+=(\"firebase_performance_collection_deactivated\")\n    _PLIST_ENTRY_TYPES+=(\"bool\")\n    _PLIST_ENTRY_VALUES+=(\"$(jsonBoolToYesNo \"$_PERF_DEACTIVATED\")\")\n  fi\n\n  # config.messaging_auto_init_enabled\n  _MESSAGING_AUTO_INIT=$(getFirebaseJsonKeyValue \"$_JSON_OUTPUT_RAW\" \"messaging_auto_init_enabled\")\n  if [[ $_MESSAGING_AUTO_INIT ]]; then\n    _PLIST_ENTRY_KEYS+=(\"FirebaseMessagingAutoInitEnabled\")\n    _PLIST_ENTRY_TYPES+=(\"bool\")\n    _PLIST_ENTRY_VALUES+=(\"$(jsonBoolToYesNo \"$_MESSAGING_AUTO_INIT\")\")\n  fi\n\n  # config.in_app_messaging_auto_colllection_enabled\n  _FIAM_AUTO_INIT=$(getFirebaseJsonKeyValue \"$_JSON_OUTPUT_RAW\" \"in_app_messaging_auto_collection_enabled\")\n  if [[ $_FIAM_AUTO_INIT ]]; then\n    _PLIST_ENTRY_KEYS+=(\"FirebaseInAppMessagingAutomaticDataCollectionEnabled\")\n    _PLIST_ENTRY_TYPES+=(\"bool\")\n    _PLIST_ENTRY_VALUES+=(\"$(jsonBoolToYesNo \"$_FIAM_AUTO_INIT\")\")\n  fi\n\n  # config.app_check_token_auto_refresh\n  _APP_CHECK_TOKEN_AUTO_REFRESH=$(getFirebaseJsonKeyValue \"$_JSON_OUTPUT_RAW\" \"app_check_token_auto_refresh\")\n  if [[ $_APP_CHECK_TOKEN_AUTO_REFRESH ]]; then\n    _PLIST_ENTRY_KEYS+=(\"FirebaseAppCheckTokenAutoRefreshEnabled\")\n    _PLIST_ENTRY_TYPES+=(\"bool\")\n    _PLIST_ENTRY_VALUES+=(\"$(jsonBoolToYesNo \"$_APP_CHECK_TOKEN_AUTO_REFRESH\")\")\n  fi\n\n  # config.crashlytics_disable_auto_disabler - undocumented for now - mainly for debugging, document if becomes useful\n  _CRASHLYTICS_AUTO_DISABLE_ENABLED=$(getFirebaseJsonKeyValue \"$_JSON_OUTPUT_RAW\" \"crashlytics_disable_auto_disabler\")\n  if [[ $_CRASHLYTICS_AUTO_DISABLE_ENABLED == \"true\" ]]; then\n    echo \"Disabled Crashlytics auto disabler.\" # do nothing\n  else\n    _PLIST_ENTRY_KEYS+=(\"FirebaseCrashlyticsCollectionEnabled\")\n    _PLIST_ENTRY_TYPES+=(\"bool\")\n    _PLIST_ENTRY_VALUES+=(\"NO\")\n  fi\nelse\n  _PLIST_ENTRY_KEYS+=(\"firebase_json_raw\")\n  _PLIST_ENTRY_TYPES+=(\"string\")\n  _PLIST_ENTRY_VALUES+=(\"$_JSON_OUTPUT_BASE64\")\n  echo \"warning:   A firebase.json file was not found, whilst this file is optional it is recommended to include it to configure firebase services in React Native Firebase.\"\nfi;\n\necho \"info: 2) Injecting Info.plist entries: \"\n\n# Log out the keys we're adding\nfor i in \"${!_PLIST_ENTRY_KEYS[@]}\"; do\n  echo \"    ->  $i) ${_PLIST_ENTRY_KEYS[$i]}\" \"${_PLIST_ENTRY_TYPES[$i]}\" \"${_PLIST_ENTRY_VALUES[$i]}\"\ndone\n\nfor plist in \"${_TARGET_PLIST}\" \"${_DSYM_PLIST}\" ; do\n  if [[ -f \"${plist}\" ]]; then\n\n    # paths with spaces break the call to setPlistValue. temporarily modify\n    # the shell internal field separator variable (IFS), which normally\n    # includes spaces, to consist only of line breaks\n    oldifs=$IFS\n    IFS=\"\n\"\n\n    for i in \"${!_PLIST_ENTRY_KEYS[@]}\"; do\n      setPlistValue \"${_PLIST_ENTRY_KEYS[$i]}\" \"${_PLIST_ENTRY_TYPES[$i]}\" \"${_PLIST_ENTRY_VALUES[$i]}\" \"${plist}\"\n    done\n\n    # restore the original internal field separator value\n    IFS=$oldifs\n  else\n    echo \"warning:   A Info.plist build output file was not found (${plist})\"\n  fi\ndone\n\necho \"info: <- RNFB build script finished\"\n";
		};
		6E646FD87B427E64A0481CA6 /* [CP] Copy Pods Resources */ = {
			isa = PBXShellScriptBuildPhase;
			buildActionMask = 2147483647;
			files = (
			);
			inputPaths = (
				"${PODS_ROOT}/Target Support Files/Pods-OnlinePhotos/Pods-OnlinePhotos-resources.sh",
				"${PODS_CONFIGURATION_BUILD_DIR}/RNImageCropPicker/QBImagePicker.bundle",
				"${PODS_ROOT}/../../node_modules/react-native-vector-icons/Fonts/AntDesign.ttf",
				"${PODS_ROOT}/../../node_modules/react-native-vector-icons/Fonts/Entypo.ttf",
				"${PODS_ROOT}/../../node_modules/react-native-vector-icons/Fonts/EvilIcons.ttf",
				"${PODS_ROOT}/../../node_modules/react-native-vector-icons/Fonts/Feather.ttf",
				"${PODS_ROOT}/../../node_modules/react-native-vector-icons/Fonts/FontAwesome.ttf",
				"${PODS_ROOT}/../../node_modules/react-native-vector-icons/Fonts/FontAwesome5_Brands.ttf",
				"${PODS_ROOT}/../../node_modules/react-native-vector-icons/Fonts/FontAwesome5_Regular.ttf",
				"${PODS_ROOT}/../../node_modules/react-native-vector-icons/Fonts/FontAwesome5_Solid.ttf",
				"${PODS_ROOT}/../../node_modules/react-native-vector-icons/Fonts/Fontisto.ttf",
				"${PODS_ROOT}/../../node_modules/react-native-vector-icons/Fonts/Foundation.ttf",
				"${PODS_ROOT}/../../node_modules/react-native-vector-icons/Fonts/Ionicons.ttf",
				"${PODS_ROOT}/../../node_modules/react-native-vector-icons/Fonts/MaterialCommunityIcons.ttf",
				"${PODS_ROOT}/../../node_modules/react-native-vector-icons/Fonts/MaterialIcons.ttf",
				"${PODS_ROOT}/../../node_modules/react-native-vector-icons/Fonts/Octicons.ttf",
				"${PODS_ROOT}/../../node_modules/react-native-vector-icons/Fonts/SimpleLineIcons.ttf",
				"${PODS_ROOT}/../../node_modules/react-native-vector-icons/Fonts/Zocial.ttf",
				"${PODS_CONFIGURATION_BUILD_DIR}/React-Core/AccessibilityResources.bundle",
				"${PODS_CONFIGURATION_BUILD_DIR}/TOCropViewController/TOCropViewControllerBundle.bundle",
			);
			name = "[CP] Copy Pods Resources";
			outputPaths = (
				"${TARGET_BUILD_DIR}/${UNLOCALIZED_RESOURCES_FOLDER_PATH}/QBImagePicker.bundle",
				"${TARGET_BUILD_DIR}/${UNLOCALIZED_RESOURCES_FOLDER_PATH}/AntDesign.ttf",
				"${TARGET_BUILD_DIR}/${UNLOCALIZED_RESOURCES_FOLDER_PATH}/Entypo.ttf",
				"${TARGET_BUILD_DIR}/${UNLOCALIZED_RESOURCES_FOLDER_PATH}/EvilIcons.ttf",
				"${TARGET_BUILD_DIR}/${UNLOCALIZED_RESOURCES_FOLDER_PATH}/Feather.ttf",
				"${TARGET_BUILD_DIR}/${UNLOCALIZED_RESOURCES_FOLDER_PATH}/FontAwesome.ttf",
				"${TARGET_BUILD_DIR}/${UNLOCALIZED_RESOURCES_FOLDER_PATH}/FontAwesome5_Brands.ttf",
				"${TARGET_BUILD_DIR}/${UNLOCALIZED_RESOURCES_FOLDER_PATH}/FontAwesome5_Regular.ttf",
				"${TARGET_BUILD_DIR}/${UNLOCALIZED_RESOURCES_FOLDER_PATH}/FontAwesome5_Solid.ttf",
				"${TARGET_BUILD_DIR}/${UNLOCALIZED_RESOURCES_FOLDER_PATH}/Fontisto.ttf",
				"${TARGET_BUILD_DIR}/${UNLOCALIZED_RESOURCES_FOLDER_PATH}/Foundation.ttf",
				"${TARGET_BUILD_DIR}/${UNLOCALIZED_RESOURCES_FOLDER_PATH}/Ionicons.ttf",
				"${TARGET_BUILD_DIR}/${UNLOCALIZED_RESOURCES_FOLDER_PATH}/MaterialCommunityIcons.ttf",
				"${TARGET_BUILD_DIR}/${UNLOCALIZED_RESOURCES_FOLDER_PATH}/MaterialIcons.ttf",
				"${TARGET_BUILD_DIR}/${UNLOCALIZED_RESOURCES_FOLDER_PATH}/Octicons.ttf",
				"${TARGET_BUILD_DIR}/${UNLOCALIZED_RESOURCES_FOLDER_PATH}/SimpleLineIcons.ttf",
				"${TARGET_BUILD_DIR}/${UNLOCALIZED_RESOURCES_FOLDER_PATH}/Zocial.ttf",
				"${TARGET_BUILD_DIR}/${UNLOCALIZED_RESOURCES_FOLDER_PATH}/AccessibilityResources.bundle",
				"${TARGET_BUILD_DIR}/${UNLOCALIZED_RESOURCES_FOLDER_PATH}/TOCropViewControllerBundle.bundle",
			);
			runOnlyForDeploymentPostprocessing = 0;
			shellPath = /bin/sh;
			shellScript = "\"${PODS_ROOT}/Target Support Files/Pods-OnlinePhotos/Pods-OnlinePhotos-resources.sh\"\n";
			showEnvVarsInLog = 0;
		};
		9334E546CE19B4F0E60FA046 /* [CP] Check Pods Manifest.lock */ = {
			isa = PBXShellScriptBuildPhase;
			buildActionMask = 2147483647;
			files = (
			);
			inputFileListPaths = (
			);
			inputPaths = (
				"${PODS_PODFILE_DIR_PATH}/Podfile.lock",
				"${PODS_ROOT}/Manifest.lock",
			);
			name = "[CP] Check Pods Manifest.lock";
			outputFileListPaths = (
			);
			outputPaths = (
				"$(DERIVED_FILE_DIR)/Pods-OnlinePhotos-tvOS-checkManifestLockResult.txt",
			);
			runOnlyForDeploymentPostprocessing = 0;
			shellPath = /bin/sh;
			shellScript = "diff \"${PODS_PODFILE_DIR_PATH}/Podfile.lock\" \"${PODS_ROOT}/Manifest.lock\" > /dev/null\nif [ $? != 0 ] ; then\n    # print error to STDERR\n    echo \"error: The sandbox is not in sync with the Podfile.lock. Run 'pod install' or update your CocoaPods installation.\" >&2\n    exit 1\nfi\n# This output is used by Xcode 'outputs' to avoid re-running this script phase.\necho \"SUCCESS\" > \"${SCRIPT_OUTPUT_FILE_0}\"\n";
			showEnvVarsInLog = 0;
		};
		C0245A4112446476D447F011 /* [CP] Check Pods Manifest.lock */ = {
			isa = PBXShellScriptBuildPhase;
			buildActionMask = 2147483647;
			files = (
			);
			inputFileListPaths = (
			);
			inputPaths = (
				"${PODS_PODFILE_DIR_PATH}/Podfile.lock",
				"${PODS_ROOT}/Manifest.lock",
			);
			name = "[CP] Check Pods Manifest.lock";
			outputFileListPaths = (
			);
			outputPaths = (
				"$(DERIVED_FILE_DIR)/Pods-OnlinePhotos-checkManifestLockResult.txt",
			);
			runOnlyForDeploymentPostprocessing = 0;
			shellPath = /bin/sh;
			shellScript = "diff \"${PODS_PODFILE_DIR_PATH}/Podfile.lock\" \"${PODS_ROOT}/Manifest.lock\" > /dev/null\nif [ $? != 0 ] ; then\n    # print error to STDERR\n    echo \"error: The sandbox is not in sync with the Podfile.lock. Run 'pod install' or update your CocoaPods installation.\" >&2\n    exit 1\nfi\n# This output is used by Xcode 'outputs' to avoid re-running this script phase.\necho \"SUCCESS\" > \"${SCRIPT_OUTPUT_FILE_0}\"\n";
			showEnvVarsInLog = 0;
		};
		C030DDFD2D78E34E600DECFB /* [CP] Check Pods Manifest.lock */ = {
			isa = PBXShellScriptBuildPhase;
			buildActionMask = 2147483647;
			files = (
			);
			inputFileListPaths = (
			);
			inputPaths = (
				"${PODS_PODFILE_DIR_PATH}/Podfile.lock",
				"${PODS_ROOT}/Manifest.lock",
			);
			name = "[CP] Check Pods Manifest.lock";
			outputFileListPaths = (
			);
			outputPaths = (
				"$(DERIVED_FILE_DIR)/Pods-OnlinePhotos-OnlinePhotosTests-checkManifestLockResult.txt",
			);
			runOnlyForDeploymentPostprocessing = 0;
			shellPath = /bin/sh;
			shellScript = "diff \"${PODS_PODFILE_DIR_PATH}/Podfile.lock\" \"${PODS_ROOT}/Manifest.lock\" > /dev/null\nif [ $? != 0 ] ; then\n    # print error to STDERR\n    echo \"error: The sandbox is not in sync with the Podfile.lock. Run 'pod install' or update your CocoaPods installation.\" >&2\n    exit 1\nfi\n# This output is used by Xcode 'outputs' to avoid re-running this script phase.\necho \"SUCCESS\" > \"${SCRIPT_OUTPUT_FILE_0}\"\n";
			showEnvVarsInLog = 0;
		};
		F95491C625AD9F0B000D7640 /* ShellScript */ = {
			isa = PBXShellScriptBuildPhase;
			buildActionMask = 2147483647;
			files = (
			);
			inputFileListPaths = (
			);
			inputPaths = (
			);
			outputFileListPaths = (
			);
			outputPaths = (
			);
			runOnlyForDeploymentPostprocessing = 0;
			shellPath = /bin/sh;
			shellScript = "# Type a script or drag a script file from your workspace to insert its path.\n";
		};
		FD10A7F022414F080027D42C /* Start Packager */ = {
			isa = PBXShellScriptBuildPhase;
			buildActionMask = 2147483647;
			files = (
			);
			inputFileListPaths = (
			);
			inputPaths = (
			);
			name = "Start Packager";
			outputFileListPaths = (
			);
			outputPaths = (
			);
			runOnlyForDeploymentPostprocessing = 0;
			shellPath = /bin/sh;
			shellScript = "export RCT_METRO_PORT=\"${RCT_METRO_PORT:=8081}\"\necho \"export RCT_METRO_PORT=${RCT_METRO_PORT}\" > \"${SRCROOT}/../node_modules/react-native/scripts/.packager.env\"\nif [ -z \"${RCT_NO_LAUNCH_PACKAGER+xxx}\" ] ; then\n  if nc -w 5 -z localhost ${RCT_METRO_PORT} ; then\n    if ! curl -s \"http://localhost:${RCT_METRO_PORT}/status\" | grep -q \"packager-status:running\" ; then\n      echo \"Port ${RCT_METRO_PORT} already in use, packager is either not running or not running correctly\"\n      exit 2\n    fi\n  else\n    open \"$SRCROOT/../node_modules/react-native/scripts/launchPackager.command\" || echo \"Can't start packager automatically\"\n  fi\nfi\n";
			showEnvVarsInLog = 0;
		};
		FD10A7F122414F3F0027D42C /* Start Packager */ = {
			isa = PBXShellScriptBuildPhase;
			buildActionMask = 2147483647;
			files = (
			);
			inputFileListPaths = (
			);
			inputPaths = (
			);
			name = "Start Packager";
			outputFileListPaths = (
			);
			outputPaths = (
			);
			runOnlyForDeploymentPostprocessing = 0;
			shellPath = /bin/sh;
			shellScript = "export RCT_METRO_PORT=\"${RCT_METRO_PORT:=8081}\"\necho \"export RCT_METRO_PORT=${RCT_METRO_PORT}\" > \"${SRCROOT}/../node_modules/react-native/scripts/.packager.env\"\nif [ -z \"${RCT_NO_LAUNCH_PACKAGER+xxx}\" ] ; then\n  if nc -w 5 -z localhost ${RCT_METRO_PORT} ; then\n    if ! curl -s \"http://localhost:${RCT_METRO_PORT}/status\" | grep -q \"packager-status:running\" ; then\n      echo \"Port ${RCT_METRO_PORT} already in use, packager is either not running or not running correctly\"\n      exit 2\n    fi\n  else\n    open \"$SRCROOT/../node_modules/react-native/scripts/launchPackager.command\" || echo \"Can't start packager automatically\"\n  fi\nfi\n";
			showEnvVarsInLog = 0;
		};
/* End PBXShellScriptBuildPhase section */

/* Begin PBXSourcesBuildPhase section */
		00E356EA1AD99517003FC87E /* Sources */ = {
			isa = PBXSourcesBuildPhase;
			buildActionMask = 2147483647;
			files = (
				00E356F31AD99517003FC87E /* OnlinePhotosTests.m in Sources */,
			);
			runOnlyForDeploymentPostprocessing = 0;
		};
		13B07F871A680F5B00A75B9A /* Sources */ = {
			isa = PBXSourcesBuildPhase;
			buildActionMask = 2147483647;
			files = (
				13B07FBC1A68108700A75B9A /* AppDelegate.m in Sources */,
				13B07FC11A68108700A75B9A /* main.m in Sources */,
			);
			runOnlyForDeploymentPostprocessing = 0;
		};
		2D02E4771E0B4A5D006451C7 /* Sources */ = {
			isa = PBXSourcesBuildPhase;
			buildActionMask = 2147483647;
			files = (
				2D02E4BF1E0B4AB3006451C7 /* main.m in Sources */,
				2D02E4BC1E0B4A80006451C7 /* AppDelegate.m in Sources */,
			);
			runOnlyForDeploymentPostprocessing = 0;
		};
		2D02E48C1E0B4A5D006451C7 /* Sources */ = {
			isa = PBXSourcesBuildPhase;
			buildActionMask = 2147483647;
			files = (
				2DCD954D1E0B4F2C00145EB5 /* OnlinePhotosTests.m in Sources */,
			);
			runOnlyForDeploymentPostprocessing = 0;
		};
/* End PBXSourcesBuildPhase section */

/* Begin PBXTargetDependency section */
		00E356F51AD99517003FC87E /* PBXTargetDependency */ = {
			isa = PBXTargetDependency;
			target = 13B07F861A680F5B00A75B9A /* OnlinePhotos */;
			targetProxy = 00E356F41AD99517003FC87E /* PBXContainerItemProxy */;
		};
		2D02E4921E0B4A5D006451C7 /* PBXTargetDependency */ = {
			isa = PBXTargetDependency;
			target = 2D02E47A1E0B4A5D006451C7 /* OnlinePhotos-tvOS */;
			targetProxy = 2D02E4911E0B4A5D006451C7 /* PBXContainerItemProxy */;
		};
/* End PBXTargetDependency section */

/* Begin XCBuildConfiguration section */
		00E356F61AD99517003FC87E /* Debug */ = {
			isa = XCBuildConfiguration;
			baseConfigurationReference = 427AFF145F4864BB7F626119 /* Pods-OnlinePhotos-OnlinePhotosTests.debug.xcconfig */;
			buildSettings = {
				BUNDLE_LOADER = "$(TEST_HOST)";
				CODE_SIGN_IDENTITY = "iPhone Developer: Edward Deane (LW2KUYS5UD)";
				CODE_SIGN_STYLE = Manual;
				GCC_PREPROCESSOR_DEFINITIONS = (
					"DEBUG=1",
					"$(inherited)",
				);
				HEADER_SEARCH_PATHS = (
					"$(inherited)",
					"$(SRCROOT)/../node_modules/react-native-rnaescryptor/ios/**",
				);
				INFOPLIST_FILE = OnlinePhotosTests/Info.plist;
				IPHONEOS_DEPLOYMENT_TARGET = 10.0;
				LD_RUNPATH_SEARCH_PATHS = "$(inherited) @executable_path/Frameworks @loader_path/Frameworks";
				LIBRARY_SEARCH_PATHS = (
					"$(inherited)",
					"\"$(SRCROOT)/$(TARGET_NAME)\"",
				);
				OTHER_LDFLAGS = (
					"-ObjC",
					"-lc++",
					"$(inherited)",
				);
				PRODUCT_BUNDLE_IDENTIFIER = "org.reactjs.native.example.$(PRODUCT_NAME:rfc1034identifier)";
				PRODUCT_NAME = "$(TARGET_NAME)";
				TEST_HOST = "$(BUILT_PRODUCTS_DIR)/OnlinePhotos.app/OnlinePhotos";
			};
			name = Debug;
		};
		00E356F71AD99517003FC87E /* Release */ = {
			isa = XCBuildConfiguration;
			baseConfigurationReference = 5A03D3C88D4742D742011CF5 /* Pods-OnlinePhotos-OnlinePhotosTests.release.xcconfig */;
			buildSettings = {
				BUNDLE_LOADER = "$(TEST_HOST)";
				CODE_SIGN_IDENTITY = "iPhone Distribution: Edward Deane (S3932B8UMW)";
				CODE_SIGN_STYLE = Manual;
				COPY_PHASE_STRIP = NO;
				HEADER_SEARCH_PATHS = (
					"$(inherited)",
					"$(SRCROOT)/../node_modules/react-native-rnaescryptor/ios/**",
				);
				INFOPLIST_FILE = OnlinePhotosTests/Info.plist;
				IPHONEOS_DEPLOYMENT_TARGET = 10.0;
				LD_RUNPATH_SEARCH_PATHS = "$(inherited) @executable_path/Frameworks @loader_path/Frameworks";
				LIBRARY_SEARCH_PATHS = (
					"$(inherited)",
					"\"$(SRCROOT)/$(TARGET_NAME)\"",
				);
				OTHER_LDFLAGS = (
					"-ObjC",
					"-lc++",
					"$(inherited)",
				);
				PRODUCT_BUNDLE_IDENTIFIER = "org.reactjs.native.example.$(PRODUCT_NAME:rfc1034identifier)";
				PRODUCT_NAME = "$(TARGET_NAME)";
				TEST_HOST = "$(BUILT_PRODUCTS_DIR)/OnlinePhotos.app/OnlinePhotos";
			};
			name = Release;
		};
		13B07F941A680F5B00A75B9A /* Debug */ = {
			isa = XCBuildConfiguration;
			baseConfigurationReference = E94FF4A5CB7EE6824F423F73 /* Pods-OnlinePhotos.debug.xcconfig */;
			buildSettings = {
				ASSETCATALOG_COMPILER_APPICON_NAME = AppIcon;
				CLANG_ENABLE_MODULES = YES;
				CODE_SIGN_ENTITLEMENTS = OnlinePhotos/OnlinePhotos.entitlements;
				CODE_SIGN_STYLE = Manual;
				CURRENT_PROJECT_VERSION = 0.41;
				DEVELOPMENT_TEAM = S3932B8UMW;
				ENABLE_BITCODE = NO;
				HEADER_SEARCH_PATHS = (
					"$(inherited)",
					"$(SRCROOT)/../node_modules/react-native-rnaescryptor/ios/**",
				);
				INFOPLIST_FILE = OnlinePhotos/Info.plist;
				IPHONEOS_DEPLOYMENT_TARGET = 11.0;
				LD_RUNPATH_SEARCH_PATHS = "$(inherited) @executable_path/Frameworks";
				MARKETING_VERSION = 7.5;
				OTHER_LDFLAGS = (
					"$(inherited)",
					"-ObjC",
					"-lc++",
				);
				PRODUCT_BUNDLE_IDENTIFIER = au.com.2excel.onlinephotos;
				PRODUCT_NAME = OnlinePhotos;
				PROVISIONING_PROFILE_SPECIFIER = "Online Photos Profile Development";
				SWIFT_OPTIMIZATION_LEVEL = "-Onone";
				SWIFT_VERSION = 5.0;
				TARGETED_DEVICE_FAMILY = 1;
				VERSIONING_SYSTEM = "apple-generic";
			};
			name = Debug;
		};
		13B07F951A680F5B00A75B9A /* Release */ = {
			isa = XCBuildConfiguration;
			baseConfigurationReference = CF756F353D1CEA1EB3F23598 /* Pods-OnlinePhotos.release.xcconfig */;
			buildSettings = {
				ASSETCATALOG_COMPILER_APPICON_NAME = AppIcon;
				CLANG_ENABLE_MODULES = YES;
				CODE_SIGN_ENTITLEMENTS = OnlinePhotos/OnlinePhotos.entitlements;
				CODE_SIGN_STYLE = Manual;
				CURRENT_PROJECT_VERSION = 0.41;
				DEVELOPMENT_TEAM = S3932B8UMW;
				HEADER_SEARCH_PATHS = (
					"$(inherited)",
					"$(SRCROOT)/../node_modules/react-native-rnaescryptor/ios/**",
				);
				INFOPLIST_FILE = OnlinePhotos/Info.plist;
				IPHONEOS_DEPLOYMENT_TARGET = 11.0;
				LD_RUNPATH_SEARCH_PATHS = "$(inherited) @executable_path/Frameworks";
				MARKETING_VERSION = 7.5;
				OTHER_LDFLAGS = (
					"$(inherited)",
					"-ObjC",
					"-lc++",
				);
				PRODUCT_BUNDLE_IDENTIFIER = au.com.2excel.onlinephotos;
				PRODUCT_NAME = OnlinePhotos;
				PROVISIONING_PROFILE_SPECIFIER = "Online Photos Profile AdHoc";
				SWIFT_VERSION = 5.0;
				TARGETED_DEVICE_FAMILY = 1;
				VERSIONING_SYSTEM = "apple-generic";
			};
			name = Release;
		};
		2D02E4971E0B4A5E006451C7 /* Debug */ = {
			isa = XCBuildConfiguration;
			baseConfigurationReference = 5CF39C1CAEAB81344C0243BC /* Pods-OnlinePhotos-tvOS.debug.xcconfig */;
			buildSettings = {
				ASSETCATALOG_COMPILER_APPICON_NAME = "App Icon & Top Shelf Image";
				ASSETCATALOG_COMPILER_LAUNCHIMAGE_NAME = LaunchImage;
				CLANG_ANALYZER_NONNULL = YES;
				CLANG_WARN_DOCUMENTATION_COMMENTS = YES;
				CLANG_WARN_INFINITE_RECURSION = YES;
				CLANG_WARN_SUSPICIOUS_MOVE = YES;
				CODE_SIGN_IDENTITY = "iPhone Developer: Edward Deane (LW2KUYS5UD)";
				CODE_SIGN_STYLE = Manual;
				DEBUG_INFORMATION_FORMAT = dwarf;
				ENABLE_TESTABILITY = YES;
				GCC_NO_COMMON_BLOCKS = YES;
				HEADER_SEARCH_PATHS = (
					"$(inherited)",
					"$(SRCROOT)/../node_modules/react-native-rnaescryptor/ios/**",
				);
				INFOPLIST_FILE = "OnlinePhotos-tvOS/Info.plist";
				LD_RUNPATH_SEARCH_PATHS = "$(inherited) @executable_path/Frameworks";
				LIBRARY_SEARCH_PATHS = (
					"$(inherited)",
					"\"$(SRCROOT)/$(TARGET_NAME)\"",
				);
				OTHER_LDFLAGS = (
					"$(inherited)",
					"-ObjC",
					"-lc++",
				);
				PRODUCT_BUNDLE_IDENTIFIER = "org.reactjs.native.example.OnlinePhotos-tvOS";
				PRODUCT_NAME = "$(TARGET_NAME)";
				SDKROOT = appletvos;
				TARGETED_DEVICE_FAMILY = 3;
				TVOS_DEPLOYMENT_TARGET = 10.0;
			};
			name = Debug;
		};
		2D02E4981E0B4A5E006451C7 /* Release */ = {
			isa = XCBuildConfiguration;
			baseConfigurationReference = 2713591D0C69C602189F50FE /* Pods-OnlinePhotos-tvOS.release.xcconfig */;
			buildSettings = {
				ASSETCATALOG_COMPILER_APPICON_NAME = "App Icon & Top Shelf Image";
				ASSETCATALOG_COMPILER_LAUNCHIMAGE_NAME = LaunchImage;
				CLANG_ANALYZER_NONNULL = YES;
				CLANG_WARN_DOCUMENTATION_COMMENTS = YES;
				CLANG_WARN_INFINITE_RECURSION = YES;
				CLANG_WARN_SUSPICIOUS_MOVE = YES;
				CODE_SIGN_IDENTITY = "iPhone Distribution: Edward Deane (S3932B8UMW)";
				CODE_SIGN_STYLE = Manual;
				COPY_PHASE_STRIP = NO;
				DEBUG_INFORMATION_FORMAT = "dwarf-with-dsym";
				GCC_NO_COMMON_BLOCKS = YES;
				HEADER_SEARCH_PATHS = (
					"$(inherited)",
					"$(SRCROOT)/../node_modules/react-native-rnaescryptor/ios/**",
				);
				INFOPLIST_FILE = "OnlinePhotos-tvOS/Info.plist";
				LD_RUNPATH_SEARCH_PATHS = "$(inherited) @executable_path/Frameworks";
				LIBRARY_SEARCH_PATHS = (
					"$(inherited)",
					"\"$(SRCROOT)/$(TARGET_NAME)\"",
				);
				OTHER_LDFLAGS = (
					"$(inherited)",
					"-ObjC",
					"-lc++",
				);
				PRODUCT_BUNDLE_IDENTIFIER = "org.reactjs.native.example.OnlinePhotos-tvOS";
				PRODUCT_NAME = "$(TARGET_NAME)";
				SDKROOT = appletvos;
				TARGETED_DEVICE_FAMILY = 3;
				TVOS_DEPLOYMENT_TARGET = 10.0;
			};
			name = Release;
		};
		2D02E4991E0B4A5E006451C7 /* Debug */ = {
			isa = XCBuildConfiguration;
			baseConfigurationReference = 9A188FDA8EB39668747F025D /* Pods-OnlinePhotos-tvOSTests.debug.xcconfig */;
			buildSettings = {
				BUNDLE_LOADER = "$(TEST_HOST)";
				CLANG_ANALYZER_NONNULL = YES;
				CLANG_WARN_DOCUMENTATION_COMMENTS = YES;
				CLANG_WARN_INFINITE_RECURSION = YES;
				CLANG_WARN_SUSPICIOUS_MOVE = YES;
				CODE_SIGN_IDENTITY = "iPhone Developer: Edward Deane (LW2KUYS5UD)";
				CODE_SIGN_STYLE = Manual;
				DEBUG_INFORMATION_FORMAT = dwarf;
				ENABLE_TESTABILITY = YES;
				GCC_NO_COMMON_BLOCKS = YES;
				HEADER_SEARCH_PATHS = (
					"$(inherited)",
					"$(SRCROOT)/../node_modules/react-native-rnaescryptor/ios/**",
				);
				INFOPLIST_FILE = "OnlinePhotos-tvOSTests/Info.plist";
				LD_RUNPATH_SEARCH_PATHS = "$(inherited) @executable_path/Frameworks @loader_path/Frameworks";
				LIBRARY_SEARCH_PATHS = (
					"$(inherited)",
					"\"$(SRCROOT)/$(TARGET_NAME)\"",
				);
				OTHER_LDFLAGS = (
					"$(inherited)",
					"-ObjC",
					"-lc++",
				);
				PRODUCT_BUNDLE_IDENTIFIER = "org.reactjs.native.example.OnlinePhotos-tvOSTests";
				PRODUCT_NAME = "$(TARGET_NAME)";
				SDKROOT = appletvos;
				TEST_HOST = "$(BUILT_PRODUCTS_DIR)/OnlinePhotos-tvOS.app/OnlinePhotos-tvOS";
				TVOS_DEPLOYMENT_TARGET = 10.1;
			};
			name = Debug;
		};
		2D02E49A1E0B4A5E006451C7 /* Release */ = {
			isa = XCBuildConfiguration;
			baseConfigurationReference = FC478FB98D46367A462827C0 /* Pods-OnlinePhotos-tvOSTests.release.xcconfig */;
			buildSettings = {
				BUNDLE_LOADER = "$(TEST_HOST)";
				CLANG_ANALYZER_NONNULL = YES;
				CLANG_WARN_DOCUMENTATION_COMMENTS = YES;
				CLANG_WARN_INFINITE_RECURSION = YES;
				CLANG_WARN_SUSPICIOUS_MOVE = YES;
				CODE_SIGN_IDENTITY = "iPhone Distribution: Edward Deane (S3932B8UMW)";
				CODE_SIGN_STYLE = Manual;
				COPY_PHASE_STRIP = NO;
				DEBUG_INFORMATION_FORMAT = "dwarf-with-dsym";
				GCC_NO_COMMON_BLOCKS = YES;
				HEADER_SEARCH_PATHS = (
					"$(inherited)",
					"$(SRCROOT)/../node_modules/react-native-rnaescryptor/ios/**",
				);
				INFOPLIST_FILE = "OnlinePhotos-tvOSTests/Info.plist";
				LD_RUNPATH_SEARCH_PATHS = "$(inherited) @executable_path/Frameworks @loader_path/Frameworks";
				LIBRARY_SEARCH_PATHS = (
					"$(inherited)",
					"\"$(SRCROOT)/$(TARGET_NAME)\"",
				);
				OTHER_LDFLAGS = (
					"$(inherited)",
					"-ObjC",
					"-lc++",
				);
				PRODUCT_BUNDLE_IDENTIFIER = "org.reactjs.native.example.OnlinePhotos-tvOSTests";
				PRODUCT_NAME = "$(TARGET_NAME)";
				SDKROOT = appletvos;
				TEST_HOST = "$(BUILT_PRODUCTS_DIR)/OnlinePhotos-tvOS.app/OnlinePhotos-tvOS";
				TVOS_DEPLOYMENT_TARGET = 10.1;
			};
			name = Release;
		};
		83CBBA201A601CBA00E9B192 /* Debug */ = {
			isa = XCBuildConfiguration;
			buildSettings = {
				ALWAYS_SEARCH_USER_PATHS = NO;
				CLANG_ANALYZER_LOCALIZABILITY_NONLOCALIZED = YES;
				CLANG_CXX_LANGUAGE_STANDARD = "gnu++0x";
				CLANG_CXX_LIBRARY = "libc++";
				CLANG_ENABLE_MODULES = YES;
				CLANG_ENABLE_OBJC_ARC = YES;
				CLANG_WARN_BLOCK_CAPTURE_AUTORELEASING = YES;
				CLANG_WARN_BOOL_CONVERSION = YES;
				CLANG_WARN_COMMA = YES;
				CLANG_WARN_CONSTANT_CONVERSION = YES;
				CLANG_WARN_DEPRECATED_OBJC_IMPLEMENTATIONS = YES;
				CLANG_WARN_DIRECT_OBJC_ISA_USAGE = YES_ERROR;
				CLANG_WARN_EMPTY_BODY = YES;
				CLANG_WARN_ENUM_CONVERSION = YES;
				CLANG_WARN_INFINITE_RECURSION = YES;
				CLANG_WARN_INT_CONVERSION = YES;
				CLANG_WARN_NON_LITERAL_NULL_CONVERSION = YES;
				CLANG_WARN_OBJC_IMPLICIT_RETAIN_SELF = YES;
				CLANG_WARN_OBJC_LITERAL_CONVERSION = YES;
				CLANG_WARN_OBJC_ROOT_CLASS = YES_ERROR;
				CLANG_WARN_RANGE_LOOP_ANALYSIS = YES;
				CLANG_WARN_STRICT_PROTOTYPES = YES;
				CLANG_WARN_SUSPICIOUS_MOVE = YES;
				CLANG_WARN_UNREACHABLE_CODE = YES;
				CLANG_WARN__DUPLICATE_METHOD_MATCH = YES;
				CODE_SIGN_IDENTITY = "iPhone Developer: Edward Deane (LW2KUYS5UD)";
				"CODE_SIGN_IDENTITY[sdk=iphoneos*]" = "iPhone Developer: Edward Deane (LW2KUYS5UD)";
				CODE_SIGN_STYLE = Manual;
				COPY_PHASE_STRIP = NO;
				ENABLE_STRICT_OBJC_MSGSEND = YES;
				ENABLE_TESTABILITY = YES;
				"EXCLUDED_ARCHS[sdk=iphonesimulator*]" = arm64;
				GCC_C_LANGUAGE_STANDARD = gnu99;
				GCC_DYNAMIC_NO_PIC = NO;
				GCC_NO_COMMON_BLOCKS = YES;
				GCC_OPTIMIZATION_LEVEL = 0;
				GCC_PREPROCESSOR_DEFINITIONS = (
					"DEBUG=1",
					"$(inherited)",
				);
				GCC_SYMBOLS_PRIVATE_EXTERN = NO;
				GCC_WARN_64_TO_32_BIT_CONVERSION = YES;
				GCC_WARN_ABOUT_RETURN_TYPE = YES_ERROR;
				GCC_WARN_UNDECLARED_SELECTOR = YES;
				GCC_WARN_UNINITIALIZED_AUTOS = YES_AGGRESSIVE;
				GCC_WARN_UNUSED_FUNCTION = YES;
				GCC_WARN_UNUSED_VARIABLE = YES;
				IPHONEOS_DEPLOYMENT_TARGET = 9.0;
				LD_RUNPATH_SEARCH_PATHS = "/usr/lib/swift $(inherited)";
				LIBRARY_SEARCH_PATHS = (
					"\"$(TOOLCHAIN_DIR)/usr/lib/swift/$(PLATFORM_NAME)\"",
					"\"$(TOOLCHAIN_DIR)/usr/lib/swift-5.0/$(PLATFORM_NAME)\"",
					"\"$(inherited)\"",
				);
				MTL_ENABLE_DEBUG_INFO = YES;
				ONLY_ACTIVE_ARCH = YES;
				SDKROOT = iphoneos;
			};
			name = Debug;
		};
		83CBBA211A601CBA00E9B192 /* Release */ = {
			isa = XCBuildConfiguration;
			buildSettings = {
				ALWAYS_SEARCH_USER_PATHS = NO;
				CLANG_ANALYZER_LOCALIZABILITY_NONLOCALIZED = YES;
				CLANG_CXX_LANGUAGE_STANDARD = "gnu++0x";
				CLANG_CXX_LIBRARY = "libc++";
				CLANG_ENABLE_MODULES = YES;
				CLANG_ENABLE_OBJC_ARC = YES;
				CLANG_WARN_BLOCK_CAPTURE_AUTORELEASING = YES;
				CLANG_WARN_BOOL_CONVERSION = YES;
				CLANG_WARN_COMMA = YES;
				CLANG_WARN_CONSTANT_CONVERSION = YES;
				CLANG_WARN_DEPRECATED_OBJC_IMPLEMENTATIONS = YES;
				CLANG_WARN_DIRECT_OBJC_ISA_USAGE = YES_ERROR;
				CLANG_WARN_EMPTY_BODY = YES;
				CLANG_WARN_ENUM_CONVERSION = YES;
				CLANG_WARN_INFINITE_RECURSION = YES;
				CLANG_WARN_INT_CONVERSION = YES;
				CLANG_WARN_NON_LITERAL_NULL_CONVERSION = YES;
				CLANG_WARN_OBJC_IMPLICIT_RETAIN_SELF = YES;
				CLANG_WARN_OBJC_LITERAL_CONVERSION = YES;
				CLANG_WARN_OBJC_ROOT_CLASS = YES_ERROR;
				CLANG_WARN_RANGE_LOOP_ANALYSIS = YES;
				CLANG_WARN_STRICT_PROTOTYPES = YES;
				CLANG_WARN_SUSPICIOUS_MOVE = YES;
				CLANG_WARN_UNREACHABLE_CODE = YES;
				CLANG_WARN__DUPLICATE_METHOD_MATCH = YES;
				CODE_SIGN_IDENTITY = "iPhone Distribution: Edward Deane (S3932B8UMW)";
				"CODE_SIGN_IDENTITY[sdk=iphoneos*]" = "iPhone Distribution: Edward Deane (S3932B8UMW)";
				CODE_SIGN_STYLE = Manual;
				COPY_PHASE_STRIP = YES;
				ENABLE_NS_ASSERTIONS = NO;
				ENABLE_STRICT_OBJC_MSGSEND = YES;
				GCC_C_LANGUAGE_STANDARD = gnu99;
				GCC_NO_COMMON_BLOCKS = YES;
				GCC_WARN_64_TO_32_BIT_CONVERSION = YES;
				GCC_WARN_ABOUT_RETURN_TYPE = YES_ERROR;
				GCC_WARN_UNDECLARED_SELECTOR = YES;
				GCC_WARN_UNINITIALIZED_AUTOS = YES_AGGRESSIVE;
				GCC_WARN_UNUSED_FUNCTION = YES;
				GCC_WARN_UNUSED_VARIABLE = YES;
				IPHONEOS_DEPLOYMENT_TARGET = 9.0;
				LD_RUNPATH_SEARCH_PATHS = "/usr/lib/swift $(inherited)";
				LIBRARY_SEARCH_PATHS = (
					"\"$(TOOLCHAIN_DIR)/usr/lib/swift/$(PLATFORM_NAME)\"",
					"\"$(TOOLCHAIN_DIR)/usr/lib/swift-5.0/$(PLATFORM_NAME)\"",
					"\"$(inherited)\"",
				);
				MTL_ENABLE_DEBUG_INFO = NO;
				SDKROOT = iphoneos;
				VALIDATE_PRODUCT = YES;
			};
			name = Release;
		};
/* End XCBuildConfiguration section */

/* Begin XCConfigurationList section */
		00E357021AD99517003FC87E /* Build configuration list for PBXNativeTarget "OnlinePhotosTests" */ = {
			isa = XCConfigurationList;
			buildConfigurations = (
				00E356F61AD99517003FC87E /* Debug */,
				00E356F71AD99517003FC87E /* Release */,
			);
			defaultConfigurationIsVisible = 0;
			defaultConfigurationName = Release;
		};
		13B07F931A680F5B00A75B9A /* Build configuration list for PBXNativeTarget "OnlinePhotos" */ = {
			isa = XCConfigurationList;
			buildConfigurations = (
				13B07F941A680F5B00A75B9A /* Debug */,
				13B07F951A680F5B00A75B9A /* Release */,
			);
			defaultConfigurationIsVisible = 0;
			defaultConfigurationName = Release;
		};
		2D02E4BA1E0B4A5E006451C7 /* Build configuration list for PBXNativeTarget "OnlinePhotos-tvOS" */ = {
			isa = XCConfigurationList;
			buildConfigurations = (
				2D02E4971E0B4A5E006451C7 /* Debug */,
				2D02E4981E0B4A5E006451C7 /* Release */,
			);
			defaultConfigurationIsVisible = 0;
			defaultConfigurationName = Release;
		};
		2D02E4BB1E0B4A5E006451C7 /* Build configuration list for PBXNativeTarget "OnlinePhotos-tvOSTests" */ = {
			isa = XCConfigurationList;
			buildConfigurations = (
				2D02E4991E0B4A5E006451C7 /* Debug */,
				2D02E49A1E0B4A5E006451C7 /* Release */,
			);
			defaultConfigurationIsVisible = 0;
			defaultConfigurationName = Release;
		};
		83CBB9FA1A601CBA00E9B192 /* Build configuration list for PBXProject "OnlinePhotos" */ = {
			isa = XCConfigurationList;
			buildConfigurations = (
				83CBBA201A601CBA00E9B192 /* Debug */,
				83CBBA211A601CBA00E9B192 /* Release */,
			);
			defaultConfigurationIsVisible = 0;
			defaultConfigurationName = Release;
		};
/* End XCConfigurationList section */
	};
	rootObject = 83CBB9F71A601CBA00E9B192 /* Project object */;
}
